// !$*UTF8*$!
{
	archiveVersion = 1;
	classes = {
	};
	objectVersion = 51;
	objects = {

/* Begin PBXBuildFile section */
		2C15B230225CFFF800EB09DD /* UserInfo.swift in Sources */ = {isa = PBXBuildFile; fileRef = 2C15B22F225CFFF800EB09DD /* UserInfo.swift */; };
		2C1C7F6D20B496F5004D5152 /* InventoryHeaderCollectionReusableView.swift in Sources */ = {isa = PBXBuildFile; fileRef = 2C1C7F6C20B496F5004D5152 /* InventoryHeaderCollectionReusableView.swift */; };
		2C1C7F6F20B499A5004D5152 /* InventoryFooterCollectionReusableView.swift in Sources */ = {isa = PBXBuildFile; fileRef = 2C1C7F6E20B499A5004D5152 /* InventoryFooterCollectionReusableView.swift */; };
		2C2B805522577F76007C842E /* ReportViewController.swift in Sources */ = {isa = PBXBuildFile; fileRef = 2C2B805422577F76007C842E /* ReportViewController.swift */; };
		2C2B8057225CDE70007C842E /* Log.swift in Sources */ = {isa = PBXBuildFile; fileRef = 2C2B8056225CDE70007C842E /* Log.swift */; };
		2C36498522A04B4F004A88A1 /* Localizable.strings in Resources */ = {isa = PBXBuildFile; fileRef = 2C36498322A04B4F004A88A1 /* Localizable.strings */; };
		2C36498822A14014004A88A1 /* BrandListInterfaceController.swift in Sources */ = {isa = PBXBuildFile; fileRef = 2C36498722A14014004A88A1 /* BrandListInterfaceController.swift */; };
		2C36498A22A14028004A88A1 /* OwnerListInterfaceController.swift in Sources */ = {isa = PBXBuildFile; fileRef = 2C36498922A14028004A88A1 /* OwnerListInterfaceController.swift */; };
		2C36498C22A14063004A88A1 /* BrandsRowController.swift in Sources */ = {isa = PBXBuildFile; fileRef = 2C36498B22A14063004A88A1 /* BrandsRowController.swift */; };
		2C36498E22A14079004A88A1 /* OwnersRowController.swift in Sources */ = {isa = PBXBuildFile; fileRef = 2C36498D22A14079004A88A1 /* OwnersRowController.swift */; };
		2C36FA49228C9139004C1560 /* Aboutview Help German.rtf in Resources */ = {isa = PBXBuildFile; fileRef = 2C36FA48228C9139004C1560 /* Aboutview Help German.rtf */; };
		2C36FA4B228C9681004C1560 /* Aboutview Help English.rtf in Resources */ = {isa = PBXBuildFile; fileRef = 2C36FA4A228C9681004C1560 /* Aboutview Help English.rtf */; };
		2C36FA4D228C9CB2004C1560 /* Reportview Help German.rtf in Resources */ = {isa = PBXBuildFile; fileRef = 2C36FA4C228C9CB2004C1560 /* Reportview Help German.rtf */; };
		2C36FA4F228C9CCC004C1560 /* Reportview Help English.rtf in Resources */ = {isa = PBXBuildFile; fileRef = 2C36FA4E228C9CCC004C1560 /* Reportview Help English.rtf */; };
		2C4926D92090F85000508874 /* InventoryCollectionViewController.swift in Sources */ = {isa = PBXBuildFile; fileRef = 2C4926D82090F85000508874 /* InventoryCollectionViewController.swift */; };
		2C4926DB20920DA100508874 /* InventoryCollectionViewCell.swift in Sources */ = {isa = PBXBuildFile; fileRef = 2C4926DA20920DA100508874 /* InventoryCollectionViewCell.swift */; };
		2C4D3F062265D98C00169656 /* PrivacyViewController.swift in Sources */ = {isa = PBXBuildFile; fileRef = 2C4D3F052265D98C00169656 /* PrivacyViewController.swift */; };
		2C501B732098D03100D99949 /* CategoryTableViewController.swift in Sources */ = {isa = PBXBuildFile; fileRef = 2C501B722098D03100D99949 /* CategoryTableViewController.swift */; };
		2C501B752098E80500D99949 /* CategoryEditViewController.swift in Sources */ = {isa = PBXBuildFile; fileRef = 2C501B742098E80500D99949 /* CategoryEditViewController.swift */; };
		2C560F03229AF7C400488FAD /* PricesRowController.swift in Sources */ = {isa = PBXBuildFile; fileRef = 2C560F02229AF7C400488FAD /* PricesRowController.swift */; };
		2C560F05229BFAF900488FAD /* RoomListInterfaceController.swift in Sources */ = {isa = PBXBuildFile; fileRef = 2C560F04229BFAF900488FAD /* RoomListInterfaceController.swift */; };
		2C560F07229BFB9A00488FAD /* RoomsRowController.swift in Sources */ = {isa = PBXBuildFile; fileRef = 2C560F06229BFB9A00488FAD /* RoomsRowController.swift */; };
		2C560F0A229D51C300488FAD /* CategoriesRowController.swift in Sources */ = {isa = PBXBuildFile; fileRef = 2C560F09229D51C300488FAD /* CategoriesRowController.swift */; };
		2C560F0C229D51FC00488FAD /* CategoryInterfaceController.swift in Sources */ = {isa = PBXBuildFile; fileRef = 2C560F0B229D51FC00488FAD /* CategoryInterfaceController.swift */; };
		2C56E8AE2086350A00FD5136 /* AppDelegate.swift in Sources */ = {isa = PBXBuildFile; fileRef = 2C56E8AD2086350A00FD5136 /* AppDelegate.swift */; };
		2C56E8B52086350A00FD5136 /* Main.storyboard in Resources */ = {isa = PBXBuildFile; fileRef = 2C56E8B32086350A00FD5136 /* Main.storyboard */; };
		2C56E8B72086350B00FD5136 /* Assets.xcassets in Resources */ = {isa = PBXBuildFile; fileRef = 2C56E8B62086350B00FD5136 /* Assets.xcassets */; };
		2C56E8BA2086350B00FD5136 /* LaunchScreen.storyboard in Resources */ = {isa = PBXBuildFile; fileRef = 2C56E8B82086350B00FD5136 /* LaunchScreen.storyboard */; };
		2C56E8DF20866EAF00FD5136 /* Inventory.xcdatamodeld in Sources */ = {isa = PBXBuildFile; fileRef = 2C56E8DD20866EAF00FD5136 /* Inventory.xcdatamodeld */; };
		2C56E90C208683D100FD5136 /* Global.swift in Sources */ = {isa = PBXBuildFile; fileRef = 2C56E90B208683D100FD5136 /* Global.swift */; };
		2C56E90E2086844A00FD5136 /* DeviceInfo.swift in Sources */ = {isa = PBXBuildFile; fileRef = 2C56E90D2086844A00FD5136 /* DeviceInfo.swift */; };
		2C56E94B2086A41700FD5136 /* Brand+CoreDataClass.swift in Sources */ = {isa = PBXBuildFile; fileRef = 2C56E9412086A41700FD5136 /* Brand+CoreDataClass.swift */; };
		2C56E94C2086A41700FD5136 /* Brand+CoreDataProperties.swift in Sources */ = {isa = PBXBuildFile; fileRef = 2C56E9422086A41700FD5136 /* Brand+CoreDataProperties.swift */; };
		2C56E94D2086A41700FD5136 /* Category+CoreDataClass.swift in Sources */ = {isa = PBXBuildFile; fileRef = 2C56E9432086A41700FD5136 /* Category+CoreDataClass.swift */; };
		2C56E94E2086A41700FD5136 /* Category+CoreDataProperties.swift in Sources */ = {isa = PBXBuildFile; fileRef = 2C56E9442086A41700FD5136 /* Category+CoreDataProperties.swift */; };
		2C56E94F2086A41700FD5136 /* Inventory+CoreDataClass.swift in Sources */ = {isa = PBXBuildFile; fileRef = 2C56E9452086A41700FD5136 /* Inventory+CoreDataClass.swift */; };
		2C56E9502086A41700FD5136 /* Inventory+CoreDataProperties.swift in Sources */ = {isa = PBXBuildFile; fileRef = 2C56E9462086A41700FD5136 /* Inventory+CoreDataProperties.swift */; };
		2C56E9512086A41700FD5136 /* Owner+CoreDataClass.swift in Sources */ = {isa = PBXBuildFile; fileRef = 2C56E9472086A41700FD5136 /* Owner+CoreDataClass.swift */; };
		2C56E9522086A41700FD5136 /* Owner+CoreDataProperties.swift in Sources */ = {isa = PBXBuildFile; fileRef = 2C56E9482086A41700FD5136 /* Owner+CoreDataProperties.swift */; };
		2C56E9532086A41700FD5136 /* Room+CoreDataClass.swift in Sources */ = {isa = PBXBuildFile; fileRef = 2C56E9492086A41700FD5136 /* Room+CoreDataClass.swift */; };
		2C56E9542086A41700FD5136 /* Room+CoreDataProperties.swift in Sources */ = {isa = PBXBuildFile; fileRef = 2C56E94A2086A41700FD5136 /* Room+CoreDataProperties.swift */; };
		2C56E95620872E1F00FD5136 /* AboutViewController.swift in Sources */ = {isa = PBXBuildFile; fileRef = 2C56E95520872E1F00FD5136 /* AboutViewController.swift */; };
		2C56E95820872E6200FD5136 /* ManageTableViewController.swift in Sources */ = {isa = PBXBuildFile; fileRef = 2C56E95720872E6200FD5136 /* ManageTableViewController.swift */; };
		2C56E95C20874B5A00FD5136 /* RoomTableViewController.swift in Sources */ = {isa = PBXBuildFile; fileRef = 2C56E95B20874B5A00FD5136 /* RoomTableViewController.swift */; };
		2C56E95E208756D500FD5136 /* RoomNavigationViewController.swift in Sources */ = {isa = PBXBuildFile; fileRef = 2C56E95D208756D500FD5136 /* RoomNavigationViewController.swift */; };
		2C56E96020879B3400FD5136 /* CollectionViewCell.swift in Sources */ = {isa = PBXBuildFile; fileRef = 2C56E95F20879B3400FD5136 /* CollectionViewCell.swift */; };
		2C56E9622087CA2100FD5136 /* RoomEditViewController.swift in Sources */ = {isa = PBXBuildFile; fileRef = 2C56E9612087CA2100FD5136 /* RoomEditViewController.swift */; };
		2C5DDF3C20F9F4C700D71782 /* BrandTableViewController.swift in Sources */ = {isa = PBXBuildFile; fileRef = 2C5DDF3B20F9F4C700D71782 /* BrandTableViewController.swift */; };
		2C5DDF3E20F9F89F00D71782 /* BrandEditViewController.swift in Sources */ = {isa = PBXBuildFile; fileRef = 2C5DDF3D20F9F89F00D71782 /* BrandEditViewController.swift */; };
		2C5DDF4020FA192000D71782 /* OwnerEditViewController.swift in Sources */ = {isa = PBXBuildFile; fileRef = 2C5DDF3F20FA192000D71782 /* OwnerEditViewController.swift */; };
		2C5DDF4220FA193700D71782 /* OwnerTableViewController.swift in Sources */ = {isa = PBXBuildFile; fileRef = 2C5DDF4120FA193700D71782 /* OwnerTableViewController.swift */; };
		2C5DE31422746DB000C60EEF /* ShowUserManualViewController.swift in Sources */ = {isa = PBXBuildFile; fileRef = 2C5DE31322746DB000C60EEF /* ShowUserManualViewController.swift */; };
		2C5DE316227471DA00C60EEF /* Inventory App Manual.pdf in Resources */ = {isa = PBXBuildFile; fileRef = 2C5DE315227471D900C60EEF /* Inventory App Manual.pdf */; };
		2C5DE318227472D000C60EEF /* Inventory App Handbuch.pdf in Resources */ = {isa = PBXBuildFile; fileRef = 2C5DE317227472D000C60EEF /* Inventory App Handbuch.pdf */; };
		2C5DE31B2275981B00C60EEF /* InfoPlist.strings in Resources */ = {isa = PBXBuildFile; fileRef = 2C5DE3192275981B00C60EEF /* InfoPlist.strings */; };
		2C5DE31D2275CDCE00C60EEF /* Apache License.rtf in Resources */ = {isa = PBXBuildFile; fileRef = 2C5DE31C2275CDCE00C60EEF /* Apache License.rtf */; };
		2C661DEF2261CDF60070B8F3 /* ImageViewController.swift in Sources */ = {isa = PBXBuildFile; fileRef = 2C661DEE2261CDF60070B8F3 /* ImageViewController.swift */; };
		2C6A69F6228038D600140B39 /* DropFile.swift in Sources */ = {isa = PBXBuildFile; fileRef = 2C6A69F5228038D600140B39 /* DropFile.swift */; };
		2C6C0DDB2201EBC300367879 /* Localizable.strings in Resources */ = {isa = PBXBuildFile; fileRef = 2C6C0DDD2201EBC300367879 /* Localizable.strings */; };
		2C6C715020D569E9003FC26A /* ImportExportViewController.swift in Sources */ = {isa = PBXBuildFile; fileRef = 2C6C714F20D569E8003FC26A /* ImportExportViewController.swift */; };
		2C770C6820887FA8004F2C12 /* InventoryEditViewController.swift in Sources */ = {isa = PBXBuildFile; fileRef = 2C770C6720887FA8004F2C12 /* InventoryEditViewController.swift */; };
		2C82495C229AC7E4008748DE /* TopPricesInterfaceController.swift in Sources */ = {isa = PBXBuildFile; fileRef = 2C82495B229AC7E4008748DE /* TopPricesInterfaceController.swift */; };
		2C82495E229AC854008748DE /* MainInterfaceController.swift in Sources */ = {isa = PBXBuildFile; fileRef = 2C82495D229AC854008748DE /* MainInterfaceController.swift */; };
		2C847E9A2286E1DE0063EF25 /* InventorySplash.jpg in Resources */ = {isa = PBXBuildFile; fileRef = 2C847E992286E1DE0063EF25 /* InventorySplash.jpg */; };
		2C847E9C2286EADD0063EF25 /* image_file1024.jpg in Resources */ = {isa = PBXBuildFile; fileRef = 2C847E9B2286EADD0063EF25 /* image_file1024.jpg */; };
		2C8589E722996A5700517E79 /* WatchConstants.swift in Sources */ = {isa = PBXBuildFile; fileRef = 2C8589E622996A5700517E79 /* WatchConstants.swift */; };
		2C8589E822996A9200517E79 /* WatchConstants.swift in Sources */ = {isa = PBXBuildFile; fileRef = 2C8589E622996A5700517E79 /* WatchConstants.swift */; };
		2C870A17229293E200F36F99 /* Default-568h@2x.png in Resources */ = {isa = PBXBuildFile; fileRef = 2C870A16229293E100F36F99 /* Default-568h@2x.png */; };
		2C870A1A2293557100F36F99 /* TabBarViewController.swift in Sources */ = {isa = PBXBuildFile; fileRef = 2C870A192293557100F36F99 /* TabBarViewController.swift */; };
		2C870A1C22957D6800F36F99 /* Statistics.swift in Sources */ = {isa = PBXBuildFile; fileRef = 2C870A1B22957D6800F36F99 /* Statistics.swift */; };
		2C89B968227997D600DB74D3 /* Privacy german.rtf in Resources */ = {isa = PBXBuildFile; fileRef = 2C89B967227997D600DB74D3 /* Privacy german.rtf */; };
		2C89B96A2279995500DB74D3 /* Privacy english.rtf in Resources */ = {isa = PBXBuildFile; fileRef = 2C89B9692279995500DB74D3 /* Privacy english.rtf */; };
		2C89B96C227EF9BD00DB74D3 /* ImagePicker.swift in Sources */ = {isa = PBXBuildFile; fileRef = 2C89B96B227EF9BD00DB74D3 /* ImagePicker.swift */; };
		2CAAF6A120CD5AF6004523AF /* PDFViewController.swift in Sources */ = {isa = PBXBuildFile; fileRef = 2CAAF6A020CD5AF6004523AF /* PDFViewController.swift */; };
		2CAF652E22AA4626005EF8A1 /* UserInfo.swift in Sources */ = {isa = PBXBuildFile; fileRef = 2C15B22F225CFFF800EB09DD /* UserInfo.swift */; };
		2CC4C0C8228AB6B200F45A44 /* PopupViewController.swift in Sources */ = {isa = PBXBuildFile; fileRef = 2CC4C0C7228AB6B200F45A44 /* PopupViewController.swift */; };
		2CC648B222968F6F00A6DA65 /* Interface.storyboard in Resources */ = {isa = PBXBuildFile; fileRef = 2CC648B022968F6F00A6DA65 /* Interface.storyboard */; };
		2CC648B422968F7000A6DA65 /* Assets.xcassets in Resources */ = {isa = PBXBuildFile; fileRef = 2CC648B322968F7000A6DA65 /* Assets.xcassets */; };
		2CC648BB22968F7100A6DA65 /* Watch Extension.appex in Embed App Extensions */ = {isa = PBXBuildFile; fileRef = 2CC648BA22968F7100A6DA65 /* Watch Extension.appex */; settings = {ATTRIBUTES = (RemoveHeadersOnCopy, ); }; };
		2CC648C222968F7100A6DA65 /* ExtensionDelegate.swift in Sources */ = {isa = PBXBuildFile; fileRef = 2CC648C122968F7100A6DA65 /* ExtensionDelegate.swift */; };
		2CC648C422968F7100A6DA65 /* Assets.xcassets in Resources */ = {isa = PBXBuildFile; fileRef = 2CC648C322968F7100A6DA65 /* Assets.xcassets */; };
		2CC648C822968F7100A6DA65 /* Watch.app in Embed Watch Content */ = {isa = PBXBuildFile; fileRef = 2CC648AE22968F6F00A6DA65 /* Watch.app */; };
		2CC7EC0322A7B2D700F485AA /* NotificationCenter.framework in Frameworks */ = {isa = PBXBuildFile; fileRef = 2CC7EC0222A7B2D700F485AA /* NotificationCenter.framework */; };
		2CC7EC0622A7B2D700F485AA /* TodayViewController.swift in Sources */ = {isa = PBXBuildFile; fileRef = 2CC7EC0522A7B2D700F485AA /* TodayViewController.swift */; };
		2CC7EC0922A7B2D700F485AA /* MainInterface.storyboard in Resources */ = {isa = PBXBuildFile; fileRef = 2CC7EC0722A7B2D700F485AA /* MainInterface.storyboard */; };
		2CC7EC0D22A7B2D700F485AA /* InventoryToday.appex in Embed App Extensions */ = {isa = PBXBuildFile; fileRef = 2CC7EC0022A7B2D700F485AA /* InventoryToday.appex */; settings = {ATTRIBUTES = (RemoveHeadersOnCopy, ); }; };
		2CC7EC1322A7B43200F485AA /* Inventory.xcdatamodeld in Sources */ = {isa = PBXBuildFile; fileRef = 2C56E8DD20866EAF00FD5136 /* Inventory.xcdatamodeld */; };
		2CC7EC1422A7B44A00F485AA /* CoreDataStorage.swift in Sources */ = {isa = PBXBuildFile; fileRef = 2CDB2B132296CE020060F7F8 /* CoreDataStorage.swift */; };
		2CC7EC1522A7B45D00F485AA /* CoreDataStorage.swift in Sources */ = {isa = PBXBuildFile; fileRef = 2CDB2B132296CE020060F7F8 /* CoreDataStorage.swift */; };
		2CC7EC1622A7B48600F485AA /* Inventory.xcdatamodeld in Sources */ = {isa = PBXBuildFile; fileRef = 2C56E8DD20866EAF00FD5136 /* Inventory.xcdatamodeld */; };
		2CC7EC1722A7B4B200F485AA /* Statistics.swift in Sources */ = {isa = PBXBuildFile; fileRef = 2C870A1B22957D6800F36F99 /* Statistics.swift */; };
		2CC7EC1822A7B4D800F485AA /* Room+CoreDataProperties.swift in Sources */ = {isa = PBXBuildFile; fileRef = 2C56E94A2086A41700FD5136 /* Room+CoreDataProperties.swift */; };
		2CC7EC1922A7B4DC00F485AA /* Owner+CoreDataProperties.swift in Sources */ = {isa = PBXBuildFile; fileRef = 2C56E9482086A41700FD5136 /* Owner+CoreDataProperties.swift */; };
		2CC7EC1A22A7B4E000F485AA /* Inventory+CoreDataProperties.swift in Sources */ = {isa = PBXBuildFile; fileRef = 2C56E9462086A41700FD5136 /* Inventory+CoreDataProperties.swift */; };
		2CC7EC1B22A7B4E300F485AA /* Category+CoreDataProperties.swift in Sources */ = {isa = PBXBuildFile; fileRef = 2C56E9442086A41700FD5136 /* Category+CoreDataProperties.swift */; };
		2CC7EC1C22A7B4E600F485AA /* Brand+CoreDataProperties.swift in Sources */ = {isa = PBXBuildFile; fileRef = 2C56E9422086A41700FD5136 /* Brand+CoreDataProperties.swift */; };
		2CC7EC1D22A7B4F800F485AA /* Brand+CoreDataClass.swift in Sources */ = {isa = PBXBuildFile; fileRef = 2C56E9412086A41700FD5136 /* Brand+CoreDataClass.swift */; };
		2CC7EC1E22A7B4FC00F485AA /* Category+CoreDataClass.swift in Sources */ = {isa = PBXBuildFile; fileRef = 2C56E9432086A41700FD5136 /* Category+CoreDataClass.swift */; };
		2CC7EC1F22A7B50000F485AA /* Inventory+CoreDataClass.swift in Sources */ = {isa = PBXBuildFile; fileRef = 2C56E9452086A41700FD5136 /* Inventory+CoreDataClass.swift */; };
		2CC7EC2022A7B50500F485AA /* Owner+CoreDataClass.swift in Sources */ = {isa = PBXBuildFile; fileRef = 2C56E9472086A41700FD5136 /* Owner+CoreDataClass.swift */; };
		2CC7EC2122A7B50A00F485AA /* Room+CoreDataClass.swift in Sources */ = {isa = PBXBuildFile; fileRef = 2C56E9492086A41700FD5136 /* Room+CoreDataClass.swift */; };
		2CC7EC2222A7B52E00F485AA /* WatchConstants.swift in Sources */ = {isa = PBXBuildFile; fileRef = 2C8589E622996A5700517E79 /* WatchConstants.swift */; };
		2CC85CFF225F32BB006973A0 /* InventoryTests.swift in Sources */ = {isa = PBXBuildFile; fileRef = 2CC85CFE225F32BB006973A0 /* InventoryTests.swift */; };
		2CC9D2EA22ACF1000019C71F /* Assets.xcassets in Resources */ = {isa = PBXBuildFile; fileRef = 2C56E8B62086350B00FD5136 /* Assets.xcassets */; };
		2CC9D2ED22B502260019C71F /* Localizable.strings in Resources */ = {isa = PBXBuildFile; fileRef = 2CC9D2EB22B502260019C71F /* Localizable.strings */; };
		2CD2FBE32297062000A7ED47 /* WatchSessionManager.swift in Sources */ = {isa = PBXBuildFile; fileRef = 2CD2FBE22297062000A7ED47 /* WatchSessionManager.swift */; };
		2CD2FBE422971FA700A7ED47 /* Log.swift in Sources */ = {isa = PBXBuildFile; fileRef = 2C2B8056225CDE70007C842E /* Log.swift */; };
		2CDB2B03229692280060F7F8 /* Statistics.swift in Sources */ = {isa = PBXBuildFile; fileRef = 2C870A1B22957D6800F36F99 /* Statistics.swift */; };
		2CDB2B05229692850060F7F8 /* Inventory+CoreDataProperties.swift in Sources */ = {isa = PBXBuildFile; fileRef = 2C56E9462086A41700FD5136 /* Inventory+CoreDataProperties.swift */; };
		2CDB2B06229692930060F7F8 /* Inventory+CoreDataClass.swift in Sources */ = {isa = PBXBuildFile; fileRef = 2C56E9452086A41700FD5136 /* Inventory+CoreDataClass.swift */; };
		2CDB2B07229692A80060F7F8 /* Brand+CoreDataClass.swift in Sources */ = {isa = PBXBuildFile; fileRef = 2C56E9412086A41700FD5136 /* Brand+CoreDataClass.swift */; };
		2CDB2B08229692AB0060F7F8 /* Brand+CoreDataProperties.swift in Sources */ = {isa = PBXBuildFile; fileRef = 2C56E9422086A41700FD5136 /* Brand+CoreDataProperties.swift */; };
		2CDB2B09229692AE0060F7F8 /* Category+CoreDataClass.swift in Sources */ = {isa = PBXBuildFile; fileRef = 2C56E9432086A41700FD5136 /* Category+CoreDataClass.swift */; };
		2CDB2B0A229692B10060F7F8 /* Category+CoreDataProperties.swift in Sources */ = {isa = PBXBuildFile; fileRef = 2C56E9442086A41700FD5136 /* Category+CoreDataProperties.swift */; };
		2CDB2B0B229692B50060F7F8 /* Owner+CoreDataClass.swift in Sources */ = {isa = PBXBuildFile; fileRef = 2C56E9472086A41700FD5136 /* Owner+CoreDataClass.swift */; };
		2CDB2B0C229692B80060F7F8 /* Owner+CoreDataProperties.swift in Sources */ = {isa = PBXBuildFile; fileRef = 2C56E9482086A41700FD5136 /* Owner+CoreDataProperties.swift */; };
		2CDB2B0D229692BC0060F7F8 /* Room+CoreDataClass.swift in Sources */ = {isa = PBXBuildFile; fileRef = 2C56E9492086A41700FD5136 /* Room+CoreDataClass.swift */; };
		2CDB2B0E229692BF0060F7F8 /* Room+CoreDataProperties.swift in Sources */ = {isa = PBXBuildFile; fileRef = 2C56E94A2086A41700FD5136 /* Room+CoreDataProperties.swift */; };
		2CDB2B142296CE020060F7F8 /* CoreDataStorage.swift in Sources */ = {isa = PBXBuildFile; fileRef = 2CDB2B132296CE020060F7F8 /* CoreDataStorage.swift */; };
/* End PBXBuildFile section */

/* Begin PBXContainerItemProxy section */
		2CC648BC22968F7100A6DA65 /* PBXContainerItemProxy */ = {
			isa = PBXContainerItemProxy;
			containerPortal = 2C56E8A22086350A00FD5136 /* Project object */;
			proxyType = 1;
			remoteGlobalIDString = 2CC648B922968F7100A6DA65;
			remoteInfo = "Watch Extension";
		};
		2CC648C622968F7100A6DA65 /* PBXContainerItemProxy */ = {
			isa = PBXContainerItemProxy;
			containerPortal = 2C56E8A22086350A00FD5136 /* Project object */;
			proxyType = 1;
			remoteGlobalIDString = 2CC648AD22968F6F00A6DA65;
			remoteInfo = Watch;
		};
		2CC7EC0B22A7B2D700F485AA /* PBXContainerItemProxy */ = {
			isa = PBXContainerItemProxy;
			containerPortal = 2C56E8A22086350A00FD5136 /* Project object */;
			proxyType = 1;
			remoteGlobalIDString = 2CC7EBFF22A7B2D700F485AA;
			remoteInfo = InventoryToday;
		};
		2CC85D01225F32BB006973A0 /* PBXContainerItemProxy */ = {
			isa = PBXContainerItemProxy;
			containerPortal = 2C56E8A22086350A00FD5136 /* Project object */;
			proxyType = 1;
			remoteGlobalIDString = 2C56E8A92086350A00FD5136;
			remoteInfo = Inventory;
		};
/* End PBXContainerItemProxy section */

/* Begin PBXCopyFilesBuildPhase section */
		2CC648CE22968F7100A6DA65 /* Embed App Extensions */ = {
			isa = PBXCopyFilesBuildPhase;
			buildActionMask = 2147483647;
			dstPath = "";
			dstSubfolderSpec = 13;
			files = (
				2CC648BB22968F7100A6DA65 /* Watch Extension.appex in Embed App Extensions */,
			);
			name = "Embed App Extensions";
			runOnlyForDeploymentPostprocessing = 0;
		};
		2CC648D022968F7100A6DA65 /* Embed Watch Content */ = {
			isa = PBXCopyFilesBuildPhase;
			buildActionMask = 2147483647;
			dstPath = "$(CONTENTS_FOLDER_PATH)/Watch";
			dstSubfolderSpec = 16;
			files = (
				2CC648C822968F7100A6DA65 /* Watch.app in Embed Watch Content */,
			);
			name = "Embed Watch Content";
			runOnlyForDeploymentPostprocessing = 0;
		};
		2CC7EC1122A7B2D700F485AA /* Embed App Extensions */ = {
			isa = PBXCopyFilesBuildPhase;
			buildActionMask = 2147483647;
			dstPath = "";
			dstSubfolderSpec = 13;
			files = (
				2CC7EC0D22A7B2D700F485AA /* InventoryToday.appex in Embed App Extensions */,
			);
			name = "Embed App Extensions";
			runOnlyForDeploymentPostprocessing = 0;
		};
/* End PBXCopyFilesBuildPhase section */

/* Begin PBXFileReference section */
		2C15B22F225CFFF800EB09DD /* UserInfo.swift */ = {isa = PBXFileReference; lastKnownFileType = sourcecode.swift; path = UserInfo.swift; sourceTree = "<group>"; };
		2C1C7F6C20B496F5004D5152 /* InventoryHeaderCollectionReusableView.swift */ = {isa = PBXFileReference; lastKnownFileType = sourcecode.swift; path = InventoryHeaderCollectionReusableView.swift; sourceTree = "<group>"; };
		2C1C7F6E20B499A5004D5152 /* InventoryFooterCollectionReusableView.swift */ = {isa = PBXFileReference; lastKnownFileType = sourcecode.swift; path = InventoryFooterCollectionReusableView.swift; sourceTree = "<group>"; };
		2C2B805422577F76007C842E /* ReportViewController.swift */ = {isa = PBXFileReference; lastKnownFileType = sourcecode.swift; path = ReportViewController.swift; sourceTree = "<group>"; };
		2C2B8056225CDE70007C842E /* Log.swift */ = {isa = PBXFileReference; lastKnownFileType = sourcecode.swift; path = Log.swift; sourceTree = "<group>"; };
		2C36498422A04B4F004A88A1 /* de */ = {isa = PBXFileReference; lastKnownFileType = text.plist.strings; name = de; path = de.lproj/Localizable.strings; sourceTree = "<group>"; };
		2C36498622A04B4F004A88A1 /* de */ = {isa = PBXFileReference; lastKnownFileType = text.plist.strings; name = de; path = de.lproj/Interface.strings; sourceTree = "<group>"; };
		2C36498722A14014004A88A1 /* BrandListInterfaceController.swift */ = {isa = PBXFileReference; lastKnownFileType = sourcecode.swift; path = BrandListInterfaceController.swift; sourceTree = "<group>"; };
		2C36498922A14028004A88A1 /* OwnerListInterfaceController.swift */ = {isa = PBXFileReference; lastKnownFileType = sourcecode.swift; path = OwnerListInterfaceController.swift; sourceTree = "<group>"; };
		2C36498B22A14063004A88A1 /* BrandsRowController.swift */ = {isa = PBXFileReference; lastKnownFileType = sourcecode.swift; path = BrandsRowController.swift; sourceTree = "<group>"; };
		2C36498D22A14079004A88A1 /* OwnersRowController.swift */ = {isa = PBXFileReference; lastKnownFileType = sourcecode.swift; path = OwnersRowController.swift; sourceTree = "<group>"; };
		2C36FA48228C9139004C1560 /* Aboutview Help German.rtf */ = {isa = PBXFileReference; fileEncoding = 4; lastKnownFileType = text.rtf; path = "Aboutview Help German.rtf"; sourceTree = "<group>"; };
		2C36FA4A228C9681004C1560 /* Aboutview Help English.rtf */ = {isa = PBXFileReference; lastKnownFileType = text.rtf; path = "Aboutview Help English.rtf"; sourceTree = "<group>"; };
		2C36FA4C228C9CB2004C1560 /* Reportview Help German.rtf */ = {isa = PBXFileReference; lastKnownFileType = text.rtf; path = "Reportview Help German.rtf"; sourceTree = "<group>"; };
		2C36FA4E228C9CCC004C1560 /* Reportview Help English.rtf */ = {isa = PBXFileReference; lastKnownFileType = text.rtf; path = "Reportview Help English.rtf"; sourceTree = "<group>"; };
		2C44B26A20CD216D00C5AD6B /* Inventory.entitlements */ = {isa = PBXFileReference; lastKnownFileType = text.plist.entitlements; path = Inventory.entitlements; sourceTree = "<group>"; };
		2C4926D82090F85000508874 /* InventoryCollectionViewController.swift */ = {isa = PBXFileReference; lastKnownFileType = sourcecode.swift; path = InventoryCollectionViewController.swift; sourceTree = "<group>"; };
		2C4926DA20920DA100508874 /* InventoryCollectionViewCell.swift */ = {isa = PBXFileReference; lastKnownFileType = sourcecode.swift; path = InventoryCollectionViewCell.swift; sourceTree = "<group>"; };
		2C4D3F052265D98C00169656 /* PrivacyViewController.swift */ = {isa = PBXFileReference; lastKnownFileType = sourcecode.swift; path = PrivacyViewController.swift; sourceTree = "<group>"; };
		2C501B722098D03100D99949 /* CategoryTableViewController.swift */ = {isa = PBXFileReference; lastKnownFileType = sourcecode.swift; path = CategoryTableViewController.swift; sourceTree = "<group>"; };
		2C501B742098E80500D99949 /* CategoryEditViewController.swift */ = {isa = PBXFileReference; lastKnownFileType = sourcecode.swift; path = CategoryEditViewController.swift; sourceTree = "<group>"; };
		2C560F02229AF7C400488FAD /* PricesRowController.swift */ = {isa = PBXFileReference; lastKnownFileType = sourcecode.swift; path = PricesRowController.swift; sourceTree = "<group>"; };
		2C560F04229BFAF900488FAD /* RoomListInterfaceController.swift */ = {isa = PBXFileReference; lastKnownFileType = sourcecode.swift; path = RoomListInterfaceController.swift; sourceTree = "<group>"; };
		2C560F06229BFB9A00488FAD /* RoomsRowController.swift */ = {isa = PBXFileReference; lastKnownFileType = sourcecode.swift; path = RoomsRowController.swift; sourceTree = "<group>"; };
		2C560F09229D51C300488FAD /* CategoriesRowController.swift */ = {isa = PBXFileReference; lastKnownFileType = sourcecode.swift; path = CategoriesRowController.swift; sourceTree = "<group>"; };
		2C560F0B229D51FC00488FAD /* CategoryInterfaceController.swift */ = {isa = PBXFileReference; lastKnownFileType = sourcecode.swift; path = CategoryInterfaceController.swift; sourceTree = "<group>"; };
		2C56E8AA2086350A00FD5136 /* Inventory.app */ = {isa = PBXFileReference; explicitFileType = wrapper.application; includeInIndex = 0; path = Inventory.app; sourceTree = BUILT_PRODUCTS_DIR; };
		2C56E8AD2086350A00FD5136 /* AppDelegate.swift */ = {isa = PBXFileReference; lastKnownFileType = sourcecode.swift; path = AppDelegate.swift; sourceTree = "<group>"; };
		2C56E8B42086350A00FD5136 /* Base */ = {isa = PBXFileReference; lastKnownFileType = file.storyboard; name = Base; path = Base.lproj/Main.storyboard; sourceTree = "<group>"; };
		2C56E8B62086350B00FD5136 /* Assets.xcassets */ = {isa = PBXFileReference; lastKnownFileType = folder.assetcatalog; path = Assets.xcassets; sourceTree = "<group>"; };
		2C56E8B92086350B00FD5136 /* Base */ = {isa = PBXFileReference; lastKnownFileType = file.storyboard; name = Base; path = Base.lproj/LaunchScreen.storyboard; sourceTree = "<group>"; };
		2C56E8BB2086350B00FD5136 /* Info.plist */ = {isa = PBXFileReference; lastKnownFileType = text.plist.xml; path = Info.plist; sourceTree = "<group>"; };
		2C56E8DE20866EAF00FD5136 /* Model.xcdatamodel */ = {isa = PBXFileReference; lastKnownFileType = wrapper.xcdatamodel; path = Model.xcdatamodel; sourceTree = "<group>"; };
		2C56E90B208683D100FD5136 /* Global.swift */ = {isa = PBXFileReference; lastKnownFileType = sourcecode.swift; path = Global.swift; sourceTree = "<group>"; };
		2C56E90D2086844A00FD5136 /* DeviceInfo.swift */ = {isa = PBXFileReference; lastKnownFileType = sourcecode.swift; path = DeviceInfo.swift; sourceTree = "<group>"; };
		2C56E9412086A41700FD5136 /* Brand+CoreDataClass.swift */ = {isa = PBXFileReference; lastKnownFileType = sourcecode.swift; path = "Brand+CoreDataClass.swift"; sourceTree = "<group>"; };
		2C56E9422086A41700FD5136 /* Brand+CoreDataProperties.swift */ = {isa = PBXFileReference; lastKnownFileType = sourcecode.swift; path = "Brand+CoreDataProperties.swift"; sourceTree = "<group>"; };
		2C56E9432086A41700FD5136 /* Category+CoreDataClass.swift */ = {isa = PBXFileReference; lastKnownFileType = sourcecode.swift; path = "Category+CoreDataClass.swift"; sourceTree = "<group>"; };
		2C56E9442086A41700FD5136 /* Category+CoreDataProperties.swift */ = {isa = PBXFileReference; lastKnownFileType = sourcecode.swift; path = "Category+CoreDataProperties.swift"; sourceTree = "<group>"; };
		2C56E9452086A41700FD5136 /* Inventory+CoreDataClass.swift */ = {isa = PBXFileReference; lastKnownFileType = sourcecode.swift; path = "Inventory+CoreDataClass.swift"; sourceTree = "<group>"; };
		2C56E9462086A41700FD5136 /* Inventory+CoreDataProperties.swift */ = {isa = PBXFileReference; lastKnownFileType = sourcecode.swift; path = "Inventory+CoreDataProperties.swift"; sourceTree = "<group>"; };
		2C56E9472086A41700FD5136 /* Owner+CoreDataClass.swift */ = {isa = PBXFileReference; lastKnownFileType = sourcecode.swift; path = "Owner+CoreDataClass.swift"; sourceTree = "<group>"; };
		2C56E9482086A41700FD5136 /* Owner+CoreDataProperties.swift */ = {isa = PBXFileReference; lastKnownFileType = sourcecode.swift; path = "Owner+CoreDataProperties.swift"; sourceTree = "<group>"; };
		2C56E9492086A41700FD5136 /* Room+CoreDataClass.swift */ = {isa = PBXFileReference; lastKnownFileType = sourcecode.swift; path = "Room+CoreDataClass.swift"; sourceTree = "<group>"; };
		2C56E94A2086A41700FD5136 /* Room+CoreDataProperties.swift */ = {isa = PBXFileReference; lastKnownFileType = sourcecode.swift; path = "Room+CoreDataProperties.swift"; sourceTree = "<group>"; };
		2C56E95520872E1F00FD5136 /* AboutViewController.swift */ = {isa = PBXFileReference; lastKnownFileType = sourcecode.swift; path = AboutViewController.swift; sourceTree = "<group>"; };
		2C56E95720872E6200FD5136 /* ManageTableViewController.swift */ = {isa = PBXFileReference; lastKnownFileType = sourcecode.swift; path = ManageTableViewController.swift; sourceTree = "<group>"; };
		2C56E95B20874B5A00FD5136 /* RoomTableViewController.swift */ = {isa = PBXFileReference; lastKnownFileType = sourcecode.swift; path = RoomTableViewController.swift; sourceTree = "<group>"; };
		2C56E95D208756D500FD5136 /* RoomNavigationViewController.swift */ = {isa = PBXFileReference; lastKnownFileType = sourcecode.swift; path = RoomNavigationViewController.swift; sourceTree = "<group>"; };
		2C56E95F20879B3400FD5136 /* CollectionViewCell.swift */ = {isa = PBXFileReference; lastKnownFileType = sourcecode.swift; path = CollectionViewCell.swift; sourceTree = "<group>"; };
		2C56E9612087CA2100FD5136 /* RoomEditViewController.swift */ = {isa = PBXFileReference; lastKnownFileType = sourcecode.swift; path = RoomEditViewController.swift; sourceTree = "<group>"; };
		2C5DDF3B20F9F4C700D71782 /* BrandTableViewController.swift */ = {isa = PBXFileReference; lastKnownFileType = sourcecode.swift; path = BrandTableViewController.swift; sourceTree = "<group>"; };
		2C5DDF3D20F9F89F00D71782 /* BrandEditViewController.swift */ = {isa = PBXFileReference; lastKnownFileType = sourcecode.swift; path = BrandEditViewController.swift; sourceTree = "<group>"; };
		2C5DDF3F20FA192000D71782 /* OwnerEditViewController.swift */ = {isa = PBXFileReference; lastKnownFileType = sourcecode.swift; path = OwnerEditViewController.swift; sourceTree = "<group>"; };
		2C5DDF4120FA193700D71782 /* OwnerTableViewController.swift */ = {isa = PBXFileReference; lastKnownFileType = sourcecode.swift; path = OwnerTableViewController.swift; sourceTree = "<group>"; };
		2C5DE31322746DB000C60EEF /* ShowUserManualViewController.swift */ = {isa = PBXFileReference; lastKnownFileType = sourcecode.swift; path = ShowUserManualViewController.swift; sourceTree = "<group>"; };
		2C5DE315227471D900C60EEF /* Inventory App Manual.pdf */ = {isa = PBXFileReference; lastKnownFileType = image.pdf; path = "Inventory App Manual.pdf"; sourceTree = "<group>"; };
		2C5DE317227472D000C60EEF /* Inventory App Handbuch.pdf */ = {isa = PBXFileReference; lastKnownFileType = image.pdf; path = "Inventory App Handbuch.pdf"; sourceTree = "<group>"; };
		2C5DE31A2275981B00C60EEF /* de */ = {isa = PBXFileReference; lastKnownFileType = text.plist.strings; name = de; path = de.lproj/InfoPlist.strings; sourceTree = "<group>"; };
		2C5DE31C2275CDCE00C60EEF /* Apache License.rtf */ = {isa = PBXFileReference; lastKnownFileType = text.rtf; path = "Apache License.rtf"; sourceTree = "<group>"; };
		2C661DEE2261CDF60070B8F3 /* ImageViewController.swift */ = {isa = PBXFileReference; lastKnownFileType = sourcecode.swift; path = ImageViewController.swift; sourceTree = "<group>"; };
		2C6A69F5228038D600140B39 /* DropFile.swift */ = {isa = PBXFileReference; lastKnownFileType = sourcecode.swift; path = DropFile.swift; sourceTree = "<group>"; };
		2C6C0DD72201DBFA00367879 /* de */ = {isa = PBXFileReference; lastKnownFileType = text.plist.strings; name = de; path = de.lproj/Main.strings; sourceTree = "<group>"; };
		2C6C0DD82201DBFB00367879 /* de */ = {isa = PBXFileReference; lastKnownFileType = text.plist.strings; name = de; path = de.lproj/LaunchScreen.strings; sourceTree = "<group>"; };
		2C6C0DDC2201EBC300367879 /* de */ = {isa = PBXFileReference; lastKnownFileType = text.plist.strings; name = de; path = de.lproj/Localizable.strings; sourceTree = "<group>"; };
		2C6C0DDE2201EBD900367879 /* en */ = {isa = PBXFileReference; lastKnownFileType = text.plist.strings; name = en; path = en.lproj/Localizable.strings; sourceTree = "<group>"; };
		2C6C714F20D569E8003FC26A /* ImportExportViewController.swift */ = {isa = PBXFileReference; fileEncoding = 4; lastKnownFileType = sourcecode.swift; path = ImportExportViewController.swift; sourceTree = "<group>"; };
		2C770C6720887FA8004F2C12 /* InventoryEditViewController.swift */ = {isa = PBXFileReference; lastKnownFileType = sourcecode.swift; path = InventoryEditViewController.swift; sourceTree = "<group>"; };
		2C82495B229AC7E4008748DE /* TopPricesInterfaceController.swift */ = {isa = PBXFileReference; lastKnownFileType = sourcecode.swift; path = TopPricesInterfaceController.swift; sourceTree = "<group>"; };
		2C82495D229AC854008748DE /* MainInterfaceController.swift */ = {isa = PBXFileReference; fileEncoding = 4; lastKnownFileType = sourcecode.swift; path = MainInterfaceController.swift; sourceTree = "<group>"; };
		2C847E992286E1DE0063EF25 /* InventorySplash.jpg */ = {isa = PBXFileReference; lastKnownFileType = image.jpeg; path = InventorySplash.jpg; sourceTree = "<group>"; };
		2C847E9B2286EADD0063EF25 /* image_file1024.jpg */ = {isa = PBXFileReference; lastKnownFileType = image.jpeg; path = image_file1024.jpg; sourceTree = "<group>"; };
		2C8589E622996A5700517E79 /* WatchConstants.swift */ = {isa = PBXFileReference; lastKnownFileType = sourcecode.swift; path = WatchConstants.swift; sourceTree = "<group>"; };
		2C870A16229293E100F36F99 /* Default-568h@2x.png */ = {isa = PBXFileReference; lastKnownFileType = image.png; path = "Default-568h@2x.png"; sourceTree = "<group>"; };
		2C870A182292E75E00F36F99 /* en */ = {isa = PBXFileReference; lastKnownFileType = text.plist.strings; name = en; path = en.lproj/InfoPlist.strings; sourceTree = "<group>"; };
		2C870A192293557100F36F99 /* TabBarViewController.swift */ = {isa = PBXFileReference; lastKnownFileType = sourcecode.swift; path = TabBarViewController.swift; sourceTree = "<group>"; };
		2C870A1B22957D6800F36F99 /* Statistics.swift */ = {isa = PBXFileReference; lastKnownFileType = sourcecode.swift; path = Statistics.swift; sourceTree = "<group>"; };
		2C89B967227997D600DB74D3 /* Privacy german.rtf */ = {isa = PBXFileReference; lastKnownFileType = text.rtf; path = "Privacy german.rtf"; sourceTree = "<group>"; };
		2C89B9692279995500DB74D3 /* Privacy english.rtf */ = {isa = PBXFileReference; lastKnownFileType = text.rtf; path = "Privacy english.rtf"; sourceTree = "<group>"; };
		2C89B96B227EF9BD00DB74D3 /* ImagePicker.swift */ = {isa = PBXFileReference; lastKnownFileType = sourcecode.swift; path = ImagePicker.swift; sourceTree = "<group>"; };
		2CAAF6A020CD5AF6004523AF /* PDFViewController.swift */ = {isa = PBXFileReference; lastKnownFileType = sourcecode.swift; path = PDFViewController.swift; sourceTree = "<group>"; };
		2CC4C0C7228AB6B200F45A44 /* PopupViewController.swift */ = {isa = PBXFileReference; lastKnownFileType = sourcecode.swift; path = PopupViewController.swift; sourceTree = "<group>"; };
		2CC648AE22968F6F00A6DA65 /* Watch.app */ = {isa = PBXFileReference; explicitFileType = wrapper.application; includeInIndex = 0; path = Watch.app; sourceTree = BUILT_PRODUCTS_DIR; };
		2CC648B122968F6F00A6DA65 /* Base */ = {isa = PBXFileReference; lastKnownFileType = file.storyboard; name = Base; path = Base.lproj/Interface.storyboard; sourceTree = "<group>"; };
		2CC648B322968F7000A6DA65 /* Assets.xcassets */ = {isa = PBXFileReference; lastKnownFileType = folder.assetcatalog; path = Assets.xcassets; sourceTree = "<group>"; };
		2CC648B522968F7000A6DA65 /* Info.plist */ = {isa = PBXFileReference; lastKnownFileType = text.plist.xml; path = Info.plist; sourceTree = "<group>"; };
		2CC648BA22968F7100A6DA65 /* Watch Extension.appex */ = {isa = PBXFileReference; explicitFileType = "wrapper.app-extension"; includeInIndex = 0; path = "Watch Extension.appex"; sourceTree = BUILT_PRODUCTS_DIR; };
		2CC648C122968F7100A6DA65 /* ExtensionDelegate.swift */ = {isa = PBXFileReference; lastKnownFileType = sourcecode.swift; path = ExtensionDelegate.swift; sourceTree = "<group>"; };
		2CC648C322968F7100A6DA65 /* Assets.xcassets */ = {isa = PBXFileReference; lastKnownFileType = folder.assetcatalog; path = Assets.xcassets; sourceTree = "<group>"; };
		2CC648C522968F7100A6DA65 /* Info.plist */ = {isa = PBXFileReference; lastKnownFileType = text.plist.xml; path = Info.plist; sourceTree = "<group>"; };
		2CC7EC0022A7B2D700F485AA /* InventoryToday.appex */ = {isa = PBXFileReference; explicitFileType = "wrapper.app-extension"; includeInIndex = 0; path = InventoryToday.appex; sourceTree = BUILT_PRODUCTS_DIR; };
		2CC7EC0222A7B2D700F485AA /* NotificationCenter.framework */ = {isa = PBXFileReference; lastKnownFileType = wrapper.framework; name = NotificationCenter.framework; path = System/Library/Frameworks/NotificationCenter.framework; sourceTree = SDKROOT; };
		2CC7EC0522A7B2D700F485AA /* TodayViewController.swift */ = {isa = PBXFileReference; lastKnownFileType = sourcecode.swift; path = TodayViewController.swift; sourceTree = "<group>"; };
		2CC7EC0822A7B2D700F485AA /* Base */ = {isa = PBXFileReference; lastKnownFileType = file.storyboard; name = Base; path = Base.lproj/MainInterface.storyboard; sourceTree = "<group>"; };
		2CC7EC0A22A7B2D700F485AA /* Info.plist */ = {isa = PBXFileReference; lastKnownFileType = text.plist.xml; path = Info.plist; sourceTree = "<group>"; };
		2CC7EC1222A7B2E000F485AA /* InventoryToday.entitlements */ = {isa = PBXFileReference; lastKnownFileType = text.plist.entitlements; path = InventoryToday.entitlements; sourceTree = "<group>"; };
		2CC85CFC225F32BB006973A0 /* InventoryTests.xctest */ = {isa = PBXFileReference; explicitFileType = wrapper.cfbundle; includeInIndex = 0; path = InventoryTests.xctest; sourceTree = BUILT_PRODUCTS_DIR; };
		2CC85CFE225F32BB006973A0 /* InventoryTests.swift */ = {isa = PBXFileReference; lastKnownFileType = sourcecode.swift; path = InventoryTests.swift; sourceTree = "<group>"; };
		2CC85D00225F32BB006973A0 /* Info.plist */ = {isa = PBXFileReference; lastKnownFileType = text.plist.xml; path = Info.plist; sourceTree = "<group>"; };
		2CC9D2EC22B502260019C71F /* de */ = {isa = PBXFileReference; lastKnownFileType = text.plist.strings; name = de; path = de.lproj/Localizable.strings; sourceTree = "<group>"; };
		2CD2FBE22297062000A7ED47 /* WatchSessionManager.swift */ = {isa = PBXFileReference; lastKnownFileType = sourcecode.swift; path = WatchSessionManager.swift; sourceTree = "<group>"; };
		2CDB2B102296B3850060F7F8 /* Watch Extension.entitlements */ = {isa = PBXFileReference; lastKnownFileType = text.plist.entitlements; path = "Watch Extension.entitlements"; sourceTree = "<group>"; };
		2CDB2B132296CE020060F7F8 /* CoreDataStorage.swift */ = {isa = PBXFileReference; lastKnownFileType = sourcecode.swift; path = CoreDataStorage.swift; sourceTree = "<group>"; };
		2CDB2B162296D4DF0060F7F8 /* Watch.entitlements */ = {isa = PBXFileReference; lastKnownFileType = text.plist.entitlements; path = Watch.entitlements; sourceTree = "<group>"; };
/* End PBXFileReference section */

/* Begin PBXFrameworksBuildPhase section */
		2C56E8A72086350A00FD5136 /* Frameworks */ = {
			isa = PBXFrameworksBuildPhase;
			buildActionMask = 2147483647;
			files = (
			);
			runOnlyForDeploymentPostprocessing = 0;
		};
		2CC648B722968F7100A6DA65 /* Frameworks */ = {
			isa = PBXFrameworksBuildPhase;
			buildActionMask = 2147483647;
			files = (
			);
			runOnlyForDeploymentPostprocessing = 0;
		};
		2CC7EBFD22A7B2D700F485AA /* Frameworks */ = {
			isa = PBXFrameworksBuildPhase;
			buildActionMask = 2147483647;
			files = (
				2CC7EC0322A7B2D700F485AA /* NotificationCenter.framework in Frameworks */,
			);
			runOnlyForDeploymentPostprocessing = 0;
		};
		2CC85CF9225F32BB006973A0 /* Frameworks */ = {
			isa = PBXFrameworksBuildPhase;
			buildActionMask = 2147483647;
			files = (
			);
			runOnlyForDeploymentPostprocessing = 0;
		};
/* End PBXFrameworksBuildPhase section */

/* Begin PBXGroup section */
		2C36FA47228C90FE004C1560 /* HelpTexts */ = {
			isa = PBXGroup;
			children = (
				2C89B967227997D600DB74D3 /* Privacy german.rtf */,
				2C89B9692279995500DB74D3 /* Privacy english.rtf */,
				2C36FA48228C9139004C1560 /* Aboutview Help German.rtf */,
				2C36FA4A228C9681004C1560 /* Aboutview Help English.rtf */,
				2C36FA4C228C9CB2004C1560 /* Reportview Help German.rtf */,
				2C36FA4E228C9CCC004C1560 /* Reportview Help English.rtf */,
			);
			path = HelpTexts;
			sourceTree = "<group>";
		};
		2C56E8A12086350A00FD5136 = {
			isa = PBXGroup;
			children = (
				2C870A16229293E100F36F99 /* Default-568h@2x.png */,
				2C6C0DDD2201EBC300367879 /* Localizable.strings */,
				2C56E8AC2086350A00FD5136 /* Inventory */,
				2CC85CFD225F32BB006973A0 /* InventoryTests */,
				2CC648AF22968F6F00A6DA65 /* Watch */,
				2CC648BE22968F7100A6DA65 /* Watch Extension */,
				2CC7EC0422A7B2D700F485AA /* InventoryToday */,
				2CC7EC0122A7B2D700F485AA /* Frameworks */,
				2C56E8AB2086350A00FD5136 /* Products */,
			);
			sourceTree = "<group>";
		};
		2C56E8AB2086350A00FD5136 /* Products */ = {
			isa = PBXGroup;
			children = (
				2C56E8AA2086350A00FD5136 /* Inventory.app */,
				2CC85CFC225F32BB006973A0 /* InventoryTests.xctest */,
				2CC648AE22968F6F00A6DA65 /* Watch.app */,
				2CC648BA22968F7100A6DA65 /* Watch Extension.appex */,
				2CC7EC0022A7B2D700F485AA /* InventoryToday.appex */,
			);
			name = Products;
			sourceTree = "<group>";
		};
		2C56E8AC2086350A00FD5136 /* Inventory */ = {
			isa = PBXGroup;
			children = (
				2C36FA47228C90FE004C1560 /* HelpTexts */,
				2C847E982286E1940063EF25 /* Images */,
				2C44B26A20CD216D00C5AD6B /* Inventory.entitlements */,
				2C56E9092086837000FD5136 /* ViewController */,
				2C56E90A208683A800FD5136 /* Helper */,
				2C56E9082086834300FD5136 /* Model */,
				2C56E8AD2086350A00FD5136 /* AppDelegate.swift */,
				2C56E8B32086350A00FD5136 /* Main.storyboard */,
				2C56E8B62086350B00FD5136 /* Assets.xcassets */,
				2C5DE31C2275CDCE00C60EEF /* Apache License.rtf */,
				2C5DE317227472D000C60EEF /* Inventory App Handbuch.pdf */,
				2C5DE315227471D900C60EEF /* Inventory App Manual.pdf */,
				2C56E8B82086350B00FD5136 /* LaunchScreen.storyboard */,
				2C56E8BB2086350B00FD5136 /* Info.plist */,
				2C5DE3192275981B00C60EEF /* InfoPlist.strings */,
			);
			path = Inventory;
			sourceTree = "<group>";
		};
		2C56E9082086834300FD5136 /* Model */ = {
			isa = PBXGroup;
			children = (
				2C56E9412086A41700FD5136 /* Brand+CoreDataClass.swift */,
				2C56E9422086A41700FD5136 /* Brand+CoreDataProperties.swift */,
				2C56E9432086A41700FD5136 /* Category+CoreDataClass.swift */,
				2C56E9442086A41700FD5136 /* Category+CoreDataProperties.swift */,
				2C56E9452086A41700FD5136 /* Inventory+CoreDataClass.swift */,
				2C56E9462086A41700FD5136 /* Inventory+CoreDataProperties.swift */,
				2C56E9472086A41700FD5136 /* Owner+CoreDataClass.swift */,
				2C56E9482086A41700FD5136 /* Owner+CoreDataProperties.swift */,
				2C56E9492086A41700FD5136 /* Room+CoreDataClass.swift */,
				2C56E94A2086A41700FD5136 /* Room+CoreDataProperties.swift */,
				2C56E8DD20866EAF00FD5136 /* Inventory.xcdatamodeld */,
				2C15B22F225CFFF800EB09DD /* UserInfo.swift */,
				2CDB2B132296CE020060F7F8 /* CoreDataStorage.swift */,
			);
			path = Model;
			sourceTree = "<group>";
		};
		2C56E9092086837000FD5136 /* ViewController */ = {
			isa = PBXGroup;
			children = (
				2C5DE31322746DB000C60EEF /* ShowUserManualViewController.swift */,
				2C56E95520872E1F00FD5136 /* AboutViewController.swift */,
				2C4926D82090F85000508874 /* InventoryCollectionViewController.swift */,
				2C4926DA20920DA100508874 /* InventoryCollectionViewCell.swift */,
				2C1C7F6C20B496F5004D5152 /* InventoryHeaderCollectionReusableView.swift */,
				2C1C7F6E20B499A5004D5152 /* InventoryFooterCollectionReusableView.swift */,
				2C770C6720887FA8004F2C12 /* InventoryEditViewController.swift */,
				2C56E95720872E6200FD5136 /* ManageTableViewController.swift */,
				2C56E95F20879B3400FD5136 /* CollectionViewCell.swift */,
				2C56E95B20874B5A00FD5136 /* RoomTableViewController.swift */,
				2C56E9612087CA2100FD5136 /* RoomEditViewController.swift */,
				2C56E95D208756D500FD5136 /* RoomNavigationViewController.swift */,
				2C501B722098D03100D99949 /* CategoryTableViewController.swift */,
				2C501B742098E80500D99949 /* CategoryEditViewController.swift */,
				2C5DDF3B20F9F4C700D71782 /* BrandTableViewController.swift */,
				2C5DDF3D20F9F89F00D71782 /* BrandEditViewController.swift */,
				2C6C714F20D569E8003FC26A /* ImportExportViewController.swift */,
				2CAAF6A020CD5AF6004523AF /* PDFViewController.swift */,
				2C5DDF3F20FA192000D71782 /* OwnerEditViewController.swift */,
				2C5DDF4120FA193700D71782 /* OwnerTableViewController.swift */,
				2C2B805422577F76007C842E /* ReportViewController.swift */,
				2C661DEE2261CDF60070B8F3 /* ImageViewController.swift */,
				2C4D3F052265D98C00169656 /* PrivacyViewController.swift */,
				2C89B96B227EF9BD00DB74D3 /* ImagePicker.swift */,
				2CC4C0C7228AB6B200F45A44 /* PopupViewController.swift */,
				2C870A192293557100F36F99 /* TabBarViewController.swift */,
			);
			path = ViewController;
			sourceTree = "<group>";
		};
		2C56E90A208683A800FD5136 /* Helper */ = {
			isa = PBXGroup;
			children = (
				2C56E90B208683D100FD5136 /* Global.swift */,
				2C56E90D2086844A00FD5136 /* DeviceInfo.swift */,
				2C2B8056225CDE70007C842E /* Log.swift */,
				2C6A69F5228038D600140B39 /* DropFile.swift */,
				2C870A1B22957D6800F36F99 /* Statistics.swift */,
				2CD2FBE22297062000A7ED47 /* WatchSessionManager.swift */,
				2C8589E622996A5700517E79 /* WatchConstants.swift */,
			);
			path = Helper;
			sourceTree = "<group>";
		};
		2C847E982286E1940063EF25 /* Images */ = {
			isa = PBXGroup;
			children = (
				2C847E992286E1DE0063EF25 /* InventorySplash.jpg */,
				2C847E9B2286EADD0063EF25 /* image_file1024.jpg */,
			);
			path = Images;
			sourceTree = "<group>";
		};
		2CC648AF22968F6F00A6DA65 /* Watch */ = {
			isa = PBXGroup;
			children = (
				2CDB2B162296D4DF0060F7F8 /* Watch.entitlements */,
				2CC648B022968F6F00A6DA65 /* Interface.storyboard */,
				2CC648B322968F7000A6DA65 /* Assets.xcassets */,
				2CC648B522968F7000A6DA65 /* Info.plist */,
			);
			path = Watch;
			sourceTree = "<group>";
		};
		2CC648BE22968F7100A6DA65 /* Watch Extension */ = {
			isa = PBXGroup;
			children = (
				2CDB2B102296B3850060F7F8 /* Watch Extension.entitlements */,
				2C82495D229AC854008748DE /* MainInterfaceController.swift */,
				2C82495B229AC7E4008748DE /* TopPricesInterfaceController.swift */,
				2C560F04229BFAF900488FAD /* RoomListInterfaceController.swift */,
				2C560F0B229D51FC00488FAD /* CategoryInterfaceController.swift */,
				2C36498722A14014004A88A1 /* BrandListInterfaceController.swift */,
				2C36498922A14028004A88A1 /* OwnerListInterfaceController.swift */,
				2C560F02229AF7C400488FAD /* PricesRowController.swift */,
				2C560F06229BFB9A00488FAD /* RoomsRowController.swift */,
				2C560F09229D51C300488FAD /* CategoriesRowController.swift */,
				2C36498B22A14063004A88A1 /* BrandsRowController.swift */,
				2C36498D22A14079004A88A1 /* OwnersRowController.swift */,
				2CC648C122968F7100A6DA65 /* ExtensionDelegate.swift */,
				2CC648C322968F7100A6DA65 /* Assets.xcassets */,
				2CC648C522968F7100A6DA65 /* Info.plist */,
				2C36498322A04B4F004A88A1 /* Localizable.strings */,
			);
			path = "Watch Extension";
			sourceTree = "<group>";
		};
		2CC7EC0122A7B2D700F485AA /* Frameworks */ = {
			isa = PBXGroup;
			children = (
				2CC7EC0222A7B2D700F485AA /* NotificationCenter.framework */,
			);
			name = Frameworks;
			sourceTree = "<group>";
		};
		2CC7EC0422A7B2D700F485AA /* InventoryToday */ = {
			isa = PBXGroup;
			children = (
				2CC7EC1222A7B2E000F485AA /* InventoryToday.entitlements */,
				2CC7EC0522A7B2D700F485AA /* TodayViewController.swift */,
				2CC7EC0722A7B2D700F485AA /* MainInterface.storyboard */,
				2CC7EC0A22A7B2D700F485AA /* Info.plist */,
				2CC9D2EB22B502260019C71F /* Localizable.strings */,
			);
			path = InventoryToday;
			sourceTree = "<group>";
		};
		2CC85CFD225F32BB006973A0 /* InventoryTests */ = {
			isa = PBXGroup;
			children = (
				2CC85CFE225F32BB006973A0 /* InventoryTests.swift */,
				2CC85D00225F32BB006973A0 /* Info.plist */,
			);
			path = InventoryTests;
			sourceTree = "<group>";
		};
/* End PBXGroup section */

/* Begin PBXNativeTarget section */
		2C56E8A92086350A00FD5136 /* Inventory */ = {
			isa = PBXNativeTarget;
			buildConfigurationList = 2C56E8D42086350B00FD5136 /* Build configuration list for PBXNativeTarget "Inventory" */;
			buildPhases = (
				2C56E8A62086350A00FD5136 /* Sources */,
				2C56E8A72086350A00FD5136 /* Frameworks */,
				2C56E8A82086350A00FD5136 /* Resources */,
				2CC648D022968F7100A6DA65 /* Embed Watch Content */,
				2CC7EC1122A7B2D700F485AA /* Embed App Extensions */,
			);
			buildRules = (
			);
			dependencies = (
				2CC648C722968F7100A6DA65 /* PBXTargetDependency */,
				2CC7EC0C22A7B2D700F485AA /* PBXTargetDependency */,
			);
			name = Inventory;
			productName = Inventory;
			productReference = 2C56E8AA2086350A00FD5136 /* Inventory.app */;
			productType = "com.apple.product-type.application";
		};
		2CC648AD22968F6F00A6DA65 /* Watch */ = {
			isa = PBXNativeTarget;
			buildConfigurationList = 2CC648CF22968F7100A6DA65 /* Build configuration list for PBXNativeTarget "Watch" */;
			buildPhases = (
				2CC648AC22968F6F00A6DA65 /* Resources */,
				2CC648CE22968F7100A6DA65 /* Embed App Extensions */,
			);
			buildRules = (
			);
			dependencies = (
				2CC648BD22968F7100A6DA65 /* PBXTargetDependency */,
			);
			name = Watch;
			productName = Watch;
			productReference = 2CC648AE22968F6F00A6DA65 /* Watch.app */;
			productType = "com.apple.product-type.application.watchapp2";
		};
		2CC648B922968F7100A6DA65 /* Watch Extension */ = {
			isa = PBXNativeTarget;
			buildConfigurationList = 2CC648CD22968F7100A6DA65 /* Build configuration list for PBXNativeTarget "Watch Extension" */;
			buildPhases = (
				2CC648B622968F7100A6DA65 /* Sources */,
				2CC648B722968F7100A6DA65 /* Frameworks */,
				2CC648B822968F7100A6DA65 /* Resources */,
			);
			buildRules = (
			);
			dependencies = (
			);
			name = "Watch Extension";
			productName = "Watch Extension";
			productReference = 2CC648BA22968F7100A6DA65 /* Watch Extension.appex */;
			productType = "com.apple.product-type.watchkit2-extension";
		};
		2CC7EBFF22A7B2D700F485AA /* InventoryToday */ = {
			isa = PBXNativeTarget;
			buildConfigurationList = 2CC7EC0E22A7B2D700F485AA /* Build configuration list for PBXNativeTarget "InventoryToday" */;
			buildPhases = (
				2CC7EBFC22A7B2D700F485AA /* Sources */,
				2CC7EBFD22A7B2D700F485AA /* Frameworks */,
				2CC7EBFE22A7B2D700F485AA /* Resources */,
			);
			buildRules = (
			);
			dependencies = (
			);
			name = InventoryToday;
			productName = InventoryToday;
			productReference = 2CC7EC0022A7B2D700F485AA /* InventoryToday.appex */;
			productType = "com.apple.product-type.app-extension";
		};
		2CC85CFB225F32BB006973A0 /* InventoryTests */ = {
			isa = PBXNativeTarget;
			buildConfigurationList = 2CC85D03225F32BB006973A0 /* Build configuration list for PBXNativeTarget "InventoryTests" */;
			buildPhases = (
				2CC85CF8225F32BB006973A0 /* Sources */,
				2CC85CF9225F32BB006973A0 /* Frameworks */,
				2CC85CFA225F32BB006973A0 /* Resources */,
			);
			buildRules = (
			);
			dependencies = (
				2CC85D02225F32BB006973A0 /* PBXTargetDependency */,
			);
			name = InventoryTests;
			productName = InventoryTests;
			productReference = 2CC85CFC225F32BB006973A0 /* InventoryTests.xctest */;
			productType = "com.apple.product-type.bundle.unit-test";
		};
/* End PBXNativeTarget section */

/* Begin PBXProject section */
		2C56E8A22086350A00FD5136 /* Project object */ = {
			isa = PBXProject;
			attributes = {
				LastSwiftUpdateCheck = 1020;
				LastUpgradeCheck = 0930;
				ORGANIZATIONNAME = "Marcus Deuß";
				TargetAttributes = {
					2C56E8A92086350A00FD5136 = {
						CreatedOnToolsVersion = 9.3;
						LastSwiftMigration = 1020;
						SystemCapabilities = {
							com.apple.ApplicationGroups.iOS = {
								enabled = 1;
							};
							com.apple.iCloud = {
								enabled = 1;
							};
						};
					};
					2CC648AD22968F6F00A6DA65 = {
						CreatedOnToolsVersion = 10.2.1;
						SystemCapabilities = {
							com.apple.ApplicationGroups.iOS = {
								enabled = 1;
							};
						};
					};
					2CC648B922968F7100A6DA65 = {
						CreatedOnToolsVersion = 10.2.1;
						SystemCapabilities = {
							com.apple.ApplicationGroups.iOS = {
								enabled = 1;
							};
						};
					};
					2CC7EBFF22A7B2D700F485AA = {
						CreatedOnToolsVersion = 10.2.1;
						SystemCapabilities = {
							com.apple.ApplicationGroups.iOS = {
								enabled = 1;
							};
							com.apple.iCloud = {
								enabled = 0;
							};
						};
					};
					2CC85CFB225F32BB006973A0 = {
						CreatedOnToolsVersion = 10.2;
						TestTargetID = 2C56E8A92086350A00FD5136;
					};
				};
			};
			buildConfigurationList = 2C56E8A52086350A00FD5136 /* Build configuration list for PBXProject "Inventory" */;
			compatibilityVersion = "Xcode 10.0";
			developmentRegion = en;
			hasScannedForEncodings = 0;
			knownRegions = (
				en,
				Base,
				de,
			);
			mainGroup = 2C56E8A12086350A00FD5136;
			productRefGroup = 2C56E8AB2086350A00FD5136 /* Products */;
			projectDirPath = "";
			projectRoot = "";
			targets = (
				2C56E8A92086350A00FD5136 /* Inventory */,
				2CC85CFB225F32BB006973A0 /* InventoryTests */,
				2CC648AD22968F6F00A6DA65 /* Watch */,
				2CC648B922968F7100A6DA65 /* Watch Extension */,
				2CC7EBFF22A7B2D700F485AA /* InventoryToday */,
			);
		};
/* End PBXProject section */

/* Begin PBXResourcesBuildPhase section */
		2C56E8A82086350A00FD5136 /* Resources */ = {
			isa = PBXResourcesBuildPhase;
			buildActionMask = 2147483647;
			files = (
				2C6C0DDB2201EBC300367879 /* Localizable.strings in Resources */,
				2C36FA49228C9139004C1560 /* Aboutview Help German.rtf in Resources */,
				2C36FA4D228C9CB2004C1560 /* Reportview Help German.rtf in Resources */,
				2C5DE31B2275981B00C60EEF /* InfoPlist.strings in Resources */,
				2C5DE316227471DA00C60EEF /* Inventory App Manual.pdf in Resources */,
				2C56E8BA2086350B00FD5136 /* LaunchScreen.storyboard in Resources */,
				2C56E8B72086350B00FD5136 /* Assets.xcassets in Resources */,
				2C5DE31D2275CDCE00C60EEF /* Apache License.rtf in Resources */,
				2C870A17229293E200F36F99 /* Default-568h@2x.png in Resources */,
				2C847E9C2286EADD0063EF25 /* image_file1024.jpg in Resources */,
				2C89B96A2279995500DB74D3 /* Privacy english.rtf in Resources */,
				2C56E8B52086350A00FD5136 /* Main.storyboard in Resources */,
				2C5DE318227472D000C60EEF /* Inventory App Handbuch.pdf in Resources */,
				2C847E9A2286E1DE0063EF25 /* InventorySplash.jpg in Resources */,
				2C89B968227997D600DB74D3 /* Privacy german.rtf in Resources */,
				2C36FA4B228C9681004C1560 /* Aboutview Help English.rtf in Resources */,
				2C36FA4F228C9CCC004C1560 /* Reportview Help English.rtf in Resources */,
			);
			runOnlyForDeploymentPostprocessing = 0;
		};
		2CC648AC22968F6F00A6DA65 /* Resources */ = {
			isa = PBXResourcesBuildPhase;
			buildActionMask = 2147483647;
			files = (
				2CC648B422968F7000A6DA65 /* Assets.xcassets in Resources */,
				2CC648B222968F6F00A6DA65 /* Interface.storyboard in Resources */,
			);
			runOnlyForDeploymentPostprocessing = 0;
		};
		2CC648B822968F7100A6DA65 /* Resources */ = {
			isa = PBXResourcesBuildPhase;
			buildActionMask = 2147483647;
			files = (
				2CC648C422968F7100A6DA65 /* Assets.xcassets in Resources */,
				2C36498522A04B4F004A88A1 /* Localizable.strings in Resources */,
			);
			runOnlyForDeploymentPostprocessing = 0;
		};
		2CC7EBFE22A7B2D700F485AA /* Resources */ = {
			isa = PBXResourcesBuildPhase;
			buildActionMask = 2147483647;
			files = (
				2CC9D2EA22ACF1000019C71F /* Assets.xcassets in Resources */,
				2CC9D2ED22B502260019C71F /* Localizable.strings in Resources */,
				2CC7EC0922A7B2D700F485AA /* MainInterface.storyboard in Resources */,
			);
			runOnlyForDeploymentPostprocessing = 0;
		};
		2CC85CFA225F32BB006973A0 /* Resources */ = {
			isa = PBXResourcesBuildPhase;
			buildActionMask = 2147483647;
			files = (
			);
			runOnlyForDeploymentPostprocessing = 0;
		};
/* End PBXResourcesBuildPhase section */

/* Begin PBXSourcesBuildPhase section */
		2C56E8A62086350A00FD5136 /* Sources */ = {
			isa = PBXSourcesBuildPhase;
			buildActionMask = 2147483647;
			files = (
				2C501B752098E80500D99949 /* CategoryEditViewController.swift in Sources */,
				2C5DDF3C20F9F4C700D71782 /* BrandTableViewController.swift in Sources */,
				2C4D3F062265D98C00169656 /* PrivacyViewController.swift in Sources */,
				2C2B8057225CDE70007C842E /* Log.swift in Sources */,
				2C2B805522577F76007C842E /* ReportViewController.swift in Sources */,
				2C5DDF3E20F9F89F00D71782 /* BrandEditViewController.swift in Sources */,
				2C56E9542086A41700FD5136 /* Room+CoreDataProperties.swift in Sources */,
				2C6C715020D569E9003FC26A /* ImportExportViewController.swift in Sources */,
				2C56E9532086A41700FD5136 /* Room+CoreDataClass.swift in Sources */,
				2C56E9522086A41700FD5136 /* Owner+CoreDataProperties.swift in Sources */,
				2C770C6820887FA8004F2C12 /* InventoryEditViewController.swift in Sources */,
				2C4926DB20920DA100508874 /* InventoryCollectionViewCell.swift in Sources */,
				2C56E90C208683D100FD5136 /* Global.swift in Sources */,
				2C56E95820872E6200FD5136 /* ManageTableViewController.swift in Sources */,
				2C5DDF4220FA193700D71782 /* OwnerTableViewController.swift in Sources */,
				2CAAF6A120CD5AF6004523AF /* PDFViewController.swift in Sources */,
				2C8589E722996A5700517E79 /* WatchConstants.swift in Sources */,
				2CC4C0C8228AB6B200F45A44 /* PopupViewController.swift in Sources */,
				2C89B96C227EF9BD00DB74D3 /* ImagePicker.swift in Sources */,
				2C661DEF2261CDF60070B8F3 /* ImageViewController.swift in Sources */,
				2C56E8AE2086350A00FD5136 /* AppDelegate.swift in Sources */,
				2C56E95C20874B5A00FD5136 /* RoomTableViewController.swift in Sources */,
				2C56E94C2086A41700FD5136 /* Brand+CoreDataProperties.swift in Sources */,
				2C56E90E2086844A00FD5136 /* DeviceInfo.swift in Sources */,
				2C870A1A2293557100F36F99 /* TabBarViewController.swift in Sources */,
				2C56E94B2086A41700FD5136 /* Brand+CoreDataClass.swift in Sources */,
				2C5DE31422746DB000C60EEF /* ShowUserManualViewController.swift in Sources */,
				2C501B732098D03100D99949 /* CategoryTableViewController.swift in Sources */,
				2C870A1C22957D6800F36F99 /* Statistics.swift in Sources */,
				2C56E96020879B3400FD5136 /* CollectionViewCell.swift in Sources */,
				2CDB2B142296CE020060F7F8 /* CoreDataStorage.swift in Sources */,
				2C4926D92090F85000508874 /* InventoryCollectionViewController.swift in Sources */,
				2C56E95620872E1F00FD5136 /* AboutViewController.swift in Sources */,
				2C1C7F6D20B496F5004D5152 /* InventoryHeaderCollectionReusableView.swift in Sources */,
				2CD2FBE32297062000A7ED47 /* WatchSessionManager.swift in Sources */,
				2C15B230225CFFF800EB09DD /* UserInfo.swift in Sources */,
				2C6A69F6228038D600140B39 /* DropFile.swift in Sources */,
				2C56E9502086A41700FD5136 /* Inventory+CoreDataProperties.swift in Sources */,
				2C56E9622087CA2100FD5136 /* RoomEditViewController.swift in Sources */,
				2C56E95E208756D500FD5136 /* RoomNavigationViewController.swift in Sources */,
				2C56E94E2086A41700FD5136 /* Category+CoreDataProperties.swift in Sources */,
				2C56E9512086A41700FD5136 /* Owner+CoreDataClass.swift in Sources */,
				2C1C7F6F20B499A5004D5152 /* InventoryFooterCollectionReusableView.swift in Sources */,
				2C5DDF4020FA192000D71782 /* OwnerEditViewController.swift in Sources */,
				2C56E94D2086A41700FD5136 /* Category+CoreDataClass.swift in Sources */,
				2C56E8DF20866EAF00FD5136 /* Inventory.xcdatamodeld in Sources */,
				2C56E94F2086A41700FD5136 /* Inventory+CoreDataClass.swift in Sources */,
			);
			runOnlyForDeploymentPostprocessing = 0;
		};
		2CC648B622968F7100A6DA65 /* Sources */ = {
			isa = PBXSourcesBuildPhase;
			buildActionMask = 2147483647;
			files = (
				2C36498A22A14028004A88A1 /* OwnerListInterfaceController.swift in Sources */,
				2C82495E229AC854008748DE /* MainInterfaceController.swift in Sources */,
				2C36498822A14014004A88A1 /* BrandListInterfaceController.swift in Sources */,
				2CDB2B0E229692BF0060F7F8 /* Room+CoreDataProperties.swift in Sources */,
				2C560F03229AF7C400488FAD /* PricesRowController.swift in Sources */,
				2C82495C229AC7E4008748DE /* TopPricesInterfaceController.swift in Sources */,
				2CC648C222968F7100A6DA65 /* ExtensionDelegate.swift in Sources */,
				2CDB2B06229692930060F7F8 /* Inventory+CoreDataClass.swift in Sources */,
				2CDB2B0D229692BC0060F7F8 /* Room+CoreDataClass.swift in Sources */,
				2CDB2B0C229692B80060F7F8 /* Owner+CoreDataProperties.swift in Sources */,
				2C560F07229BFB9A00488FAD /* RoomsRowController.swift in Sources */,
				2C560F0C229D51FC00488FAD /* CategoryInterfaceController.swift in Sources */,
				2CC7EC1622A7B48600F485AA /* Inventory.xcdatamodeld in Sources */,
				2CDB2B08229692AB0060F7F8 /* Brand+CoreDataProperties.swift in Sources */,
				2CD2FBE422971FA700A7ED47 /* Log.swift in Sources */,
				2C560F05229BFAF900488FAD /* RoomListInterfaceController.swift in Sources */,
				2CDB2B03229692280060F7F8 /* Statistics.swift in Sources */,
				2CC7EC1522A7B45D00F485AA /* CoreDataStorage.swift in Sources */,
				2C560F0A229D51C300488FAD /* CategoriesRowController.swift in Sources */,
				2CDB2B07229692A80060F7F8 /* Brand+CoreDataClass.swift in Sources */,
				2CDB2B0A229692B10060F7F8 /* Category+CoreDataProperties.swift in Sources */,
				2CDB2B09229692AE0060F7F8 /* Category+CoreDataClass.swift in Sources */,
				2C8589E822996A9200517E79 /* WatchConstants.swift in Sources */,
				2C36498E22A14079004A88A1 /* OwnersRowController.swift in Sources */,
				2CDB2B05229692850060F7F8 /* Inventory+CoreDataProperties.swift in Sources */,
				2C36498C22A14063004A88A1 /* BrandsRowController.swift in Sources */,
				2CDB2B0B229692B50060F7F8 /* Owner+CoreDataClass.swift in Sources */,
			);
			runOnlyForDeploymentPostprocessing = 0;
		};
		2CC7EBFC22A7B2D700F485AA /* Sources */ = {
			isa = PBXSourcesBuildPhase;
			buildActionMask = 2147483647;
			files = (
				2CC7EC1422A7B44A00F485AA /* CoreDataStorage.swift in Sources */,
				2CC7EC1D22A7B4F800F485AA /* Brand+CoreDataClass.swift in Sources */,
				2CC7EC1F22A7B50000F485AA /* Inventory+CoreDataClass.swift in Sources */,
				2CC7EC2222A7B52E00F485AA /* WatchConstants.swift in Sources */,
				2CAF652E22AA4626005EF8A1 /* UserInfo.swift in Sources */,
				2CC7EC1E22A7B4FC00F485AA /* Category+CoreDataClass.swift in Sources */,
				2CC7EC1A22A7B4E000F485AA /* Inventory+CoreDataProperties.swift in Sources */,
				2CC7EC1C22A7B4E600F485AA /* Brand+CoreDataProperties.swift in Sources */,
				2CC7EC1322A7B43200F485AA /* Inventory.xcdatamodeld in Sources */,
				2CC7EC1722A7B4B200F485AA /* Statistics.swift in Sources */,
				2CC7EC2122A7B50A00F485AA /* Room+CoreDataClass.swift in Sources */,
				2CC7EC1922A7B4DC00F485AA /* Owner+CoreDataProperties.swift in Sources */,
				2CC7EC2022A7B50500F485AA /* Owner+CoreDataClass.swift in Sources */,
				2CC7EC1822A7B4D800F485AA /* Room+CoreDataProperties.swift in Sources */,
				2CC7EC0622A7B2D700F485AA /* TodayViewController.swift in Sources */,
				2CC7EC1B22A7B4E300F485AA /* Category+CoreDataProperties.swift in Sources */,
			);
			runOnlyForDeploymentPostprocessing = 0;
		};
		2CC85CF8225F32BB006973A0 /* Sources */ = {
			isa = PBXSourcesBuildPhase;
			buildActionMask = 2147483647;
			files = (
				2CC85CFF225F32BB006973A0 /* InventoryTests.swift in Sources */,
			);
			runOnlyForDeploymentPostprocessing = 0;
		};
/* End PBXSourcesBuildPhase section */

/* Begin PBXTargetDependency section */
		2CC648BD22968F7100A6DA65 /* PBXTargetDependency */ = {
			isa = PBXTargetDependency;
			target = 2CC648B922968F7100A6DA65 /* Watch Extension */;
			targetProxy = 2CC648BC22968F7100A6DA65 /* PBXContainerItemProxy */;
		};
		2CC648C722968F7100A6DA65 /* PBXTargetDependency */ = {
			isa = PBXTargetDependency;
			target = 2CC648AD22968F6F00A6DA65 /* Watch */;
			targetProxy = 2CC648C622968F7100A6DA65 /* PBXContainerItemProxy */;
		};
		2CC7EC0C22A7B2D700F485AA /* PBXTargetDependency */ = {
			isa = PBXTargetDependency;
			target = 2CC7EBFF22A7B2D700F485AA /* InventoryToday */;
			targetProxy = 2CC7EC0B22A7B2D700F485AA /* PBXContainerItemProxy */;
		};
		2CC85D02225F32BB006973A0 /* PBXTargetDependency */ = {
			isa = PBXTargetDependency;
			target = 2C56E8A92086350A00FD5136 /* Inventory */;
			targetProxy = 2CC85D01225F32BB006973A0 /* PBXContainerItemProxy */;
		};
/* End PBXTargetDependency section */

/* Begin PBXVariantGroup section */
		2C36498322A04B4F004A88A1 /* Localizable.strings */ = {
			isa = PBXVariantGroup;
			children = (
				2C36498422A04B4F004A88A1 /* de */,
			);
			name = Localizable.strings;
			sourceTree = "<group>";
		};
		2C56E8B32086350A00FD5136 /* Main.storyboard */ = {
			isa = PBXVariantGroup;
			children = (
				2C56E8B42086350A00FD5136 /* Base */,
				2C6C0DD72201DBFA00367879 /* de */,
			);
			name = Main.storyboard;
			sourceTree = "<group>";
		};
		2C56E8B82086350B00FD5136 /* LaunchScreen.storyboard */ = {
			isa = PBXVariantGroup;
			children = (
				2C56E8B92086350B00FD5136 /* Base */,
				2C6C0DD82201DBFB00367879 /* de */,
			);
			name = LaunchScreen.storyboard;
			sourceTree = "<group>";
		};
		2C5DE3192275981B00C60EEF /* InfoPlist.strings */ = {
			isa = PBXVariantGroup;
			children = (
				2C5DE31A2275981B00C60EEF /* de */,
				2C870A182292E75E00F36F99 /* en */,
			);
			name = InfoPlist.strings;
			sourceTree = "<group>";
		};
		2C6C0DDD2201EBC300367879 /* Localizable.strings */ = {
			isa = PBXVariantGroup;
			children = (
				2C6C0DDC2201EBC300367879 /* de */,
				2C6C0DDE2201EBD900367879 /* en */,
			);
			name = Localizable.strings;
			path = Inventory;
			sourceTree = "<group>";
		};
		2CC648B022968F6F00A6DA65 /* Interface.storyboard */ = {
			isa = PBXVariantGroup;
			children = (
				2CC648B122968F6F00A6DA65 /* Base */,
				2C36498622A04B4F004A88A1 /* de */,
			);
			name = Interface.storyboard;
			sourceTree = "<group>";
		};
		2CC7EC0722A7B2D700F485AA /* MainInterface.storyboard */ = {
			isa = PBXVariantGroup;
			children = (
				2CC7EC0822A7B2D700F485AA /* Base */,
			);
			name = MainInterface.storyboard;
			sourceTree = "<group>";
		};
		2CC9D2EB22B502260019C71F /* Localizable.strings */ = {
			isa = PBXVariantGroup;
			children = (
				2CC9D2EC22B502260019C71F /* de */,
			);
			name = Localizable.strings;
			sourceTree = "<group>";
		};
/* End PBXVariantGroup section */

/* Begin XCBuildConfiguration section */
		2C56E8D22086350B00FD5136 /* Debug */ = {
			isa = XCBuildConfiguration;
			buildSettings = {
				ALWAYS_SEARCH_USER_PATHS = NO;
				CLANG_ANALYZER_LOCALIZABILITY_NONLOCALIZED = YES;
				CLANG_ANALYZER_NONNULL = YES;
				CLANG_ANALYZER_NUMBER_OBJECT_CONVERSION = YES_AGGRESSIVE;
				CLANG_CXX_LANGUAGE_STANDARD = "gnu++14";
				CLANG_CXX_LIBRARY = "libc++";
				CLANG_ENABLE_MODULES = YES;
				CLANG_ENABLE_OBJC_ARC = YES;
				CLANG_ENABLE_OBJC_WEAK = YES;
				CLANG_WARN_BLOCK_CAPTURE_AUTORELEASING = YES;
				CLANG_WARN_BOOL_CONVERSION = YES;
				CLANG_WARN_COMMA = YES;
				CLANG_WARN_CONSTANT_CONVERSION = YES;
				CLANG_WARN_DEPRECATED_OBJC_IMPLEMENTATIONS = YES;
				CLANG_WARN_DIRECT_OBJC_ISA_USAGE = YES_ERROR;
				CLANG_WARN_DOCUMENTATION_COMMENTS = YES;
				CLANG_WARN_EMPTY_BODY = YES;
				CLANG_WARN_ENUM_CONVERSION = YES;
				CLANG_WARN_INFINITE_RECURSION = YES;
				CLANG_WARN_INT_CONVERSION = YES;
				CLANG_WARN_NON_LITERAL_NULL_CONVERSION = YES;
				CLANG_WARN_OBJC_IMPLICIT_RETAIN_SELF = YES;
				CLANG_WARN_OBJC_LITERAL_CONVERSION = YES;
				CLANG_WARN_OBJC_ROOT_CLASS = YES_ERROR;
				CLANG_WARN_RANGE_LOOP_ANALYSIS = YES;
				CLANG_WARN_STRICT_PROTOTYPES = YES;
				CLANG_WARN_SUSPICIOUS_MOVE = YES;
				CLANG_WARN_UNGUARDED_AVAILABILITY = YES_AGGRESSIVE;
				CLANG_WARN_UNREACHABLE_CODE = YES;
				CLANG_WARN__DUPLICATE_METHOD_MATCH = YES;
				CODE_SIGN_IDENTITY = "iPhone Developer";
				COPY_PHASE_STRIP = NO;
				DEBUG_INFORMATION_FORMAT = dwarf;
				ENABLE_STRICT_OBJC_MSGSEND = YES;
				ENABLE_TESTABILITY = YES;
				GCC_C_LANGUAGE_STANDARD = gnu11;
				GCC_DYNAMIC_NO_PIC = NO;
				GCC_NO_COMMON_BLOCKS = YES;
				GCC_OPTIMIZATION_LEVEL = 0;
				GCC_PREPROCESSOR_DEFINITIONS = (
					"DEBUG=1",
					"$(inherited)",
				);
				GCC_WARN_64_TO_32_BIT_CONVERSION = YES;
				GCC_WARN_ABOUT_RETURN_TYPE = YES_ERROR;
				GCC_WARN_UNDECLARED_SELECTOR = YES;
				GCC_WARN_UNINITIALIZED_AUTOS = YES_AGGRESSIVE;
				GCC_WARN_UNUSED_FUNCTION = YES;
				GCC_WARN_UNUSED_VARIABLE = YES;
				IPHONEOS_DEPLOYMENT_TARGET = 11.4;
				MTL_ENABLE_DEBUG_INFO = YES;
				ONLY_ACTIVE_ARCH = YES;
				SDKROOT = iphoneos;
				SWIFT_ACTIVE_COMPILATION_CONDITIONS = DEBUG;
				SWIFT_OPTIMIZATION_LEVEL = "-Onone";
				SWIFT_VERSION = 5.0;
			};
			name = Debug;
		};
		2C56E8D32086350B00FD5136 /* Release */ = {
			isa = XCBuildConfiguration;
			buildSettings = {
				ALWAYS_SEARCH_USER_PATHS = NO;
				CLANG_ANALYZER_LOCALIZABILITY_NONLOCALIZED = YES;
				CLANG_ANALYZER_NONNULL = YES;
				CLANG_ANALYZER_NUMBER_OBJECT_CONVERSION = YES_AGGRESSIVE;
				CLANG_CXX_LANGUAGE_STANDARD = "gnu++14";
				CLANG_CXX_LIBRARY = "libc++";
				CLANG_ENABLE_MODULES = YES;
				CLANG_ENABLE_OBJC_ARC = YES;
				CLANG_ENABLE_OBJC_WEAK = YES;
				CLANG_WARN_BLOCK_CAPTURE_AUTORELEASING = YES;
				CLANG_WARN_BOOL_CONVERSION = YES;
				CLANG_WARN_COMMA = YES;
				CLANG_WARN_CONSTANT_CONVERSION = YES;
				CLANG_WARN_DEPRECATED_OBJC_IMPLEMENTATIONS = YES;
				CLANG_WARN_DIRECT_OBJC_ISA_USAGE = YES_ERROR;
				CLANG_WARN_DOCUMENTATION_COMMENTS = YES;
				CLANG_WARN_EMPTY_BODY = YES;
				CLANG_WARN_ENUM_CONVERSION = YES;
				CLANG_WARN_INFINITE_RECURSION = YES;
				CLANG_WARN_INT_CONVERSION = YES;
				CLANG_WARN_NON_LITERAL_NULL_CONVERSION = YES;
				CLANG_WARN_OBJC_IMPLICIT_RETAIN_SELF = YES;
				CLANG_WARN_OBJC_LITERAL_CONVERSION = YES;
				CLANG_WARN_OBJC_ROOT_CLASS = YES_ERROR;
				CLANG_WARN_RANGE_LOOP_ANALYSIS = YES;
				CLANG_WARN_STRICT_PROTOTYPES = YES;
				CLANG_WARN_SUSPICIOUS_MOVE = YES;
				CLANG_WARN_UNGUARDED_AVAILABILITY = YES_AGGRESSIVE;
				CLANG_WARN_UNREACHABLE_CODE = YES;
				CLANG_WARN__DUPLICATE_METHOD_MATCH = YES;
				CODE_SIGN_IDENTITY = "iPhone Developer";
				COPY_PHASE_STRIP = NO;
				DEBUG_INFORMATION_FORMAT = "dwarf-with-dsym";
				ENABLE_NS_ASSERTIONS = NO;
				ENABLE_STRICT_OBJC_MSGSEND = YES;
				GCC_C_LANGUAGE_STANDARD = gnu11;
				GCC_NO_COMMON_BLOCKS = YES;
				GCC_WARN_64_TO_32_BIT_CONVERSION = YES;
				GCC_WARN_ABOUT_RETURN_TYPE = YES_ERROR;
				GCC_WARN_UNDECLARED_SELECTOR = YES;
				GCC_WARN_UNINITIALIZED_AUTOS = YES_AGGRESSIVE;
				GCC_WARN_UNUSED_FUNCTION = YES;
				GCC_WARN_UNUSED_VARIABLE = YES;
				IPHONEOS_DEPLOYMENT_TARGET = 11.4;
				MTL_ENABLE_DEBUG_INFO = NO;
				SDKROOT = iphoneos;
				SWIFT_COMPILATION_MODE = wholemodule;
				SWIFT_OPTIMIZATION_LEVEL = "-O";
				SWIFT_VERSION = 5.0;
				VALIDATE_PRODUCT = YES;
			};
			name = Release;
		};
		2C56E8D52086350B00FD5136 /* Debug */ = {
			isa = XCBuildConfiguration;
			buildSettings = {
				ALWAYS_EMBED_SWIFT_STANDARD_LIBRARIES = YES;
				ASSETCATALOG_COMPILER_APPICON_NAME = AppIcon;
				CODE_SIGN_ENTITLEMENTS = Inventory/Inventory.entitlements;
				CODE_SIGN_STYLE = Automatic;
				CURRENT_PROJECT_VERSION = 165;
				DEVELOPMENT_TEAM = WS7XMU4939;
				INFOPLIST_FILE = Inventory/Info.plist;
				IPHONEOS_DEPLOYMENT_TARGET = 11.3;
				LD_RUNPATH_SEARCH_PATHS = (
					"$(inherited)",
					"@executable_path/Frameworks",
				);
				MARKETING_VERSION = 1.41;
				PRODUCT_BUNDLE_IDENTIFIER = "de.marcus-deuss.Inventory";
				PRODUCT_NAME = "$(TARGET_NAME)";
				SWIFT_VERSION = 5.0;
				TARGETED_DEVICE_FAMILY = "1,2";
			};
			name = Debug;
		};
		2C56E8D62086350B00FD5136 /* Release */ = {
			isa = XCBuildConfiguration;
			buildSettings = {
				ALWAYS_EMBED_SWIFT_STANDARD_LIBRARIES = YES;
				ASSETCATALOG_COMPILER_APPICON_NAME = AppIcon;
				CODE_SIGN_ENTITLEMENTS = Inventory/Inventory.entitlements;
				CODE_SIGN_STYLE = Automatic;
				CURRENT_PROJECT_VERSION = 165;
				DEVELOPMENT_TEAM = WS7XMU4939;
				INFOPLIST_FILE = Inventory/Info.plist;
				IPHONEOS_DEPLOYMENT_TARGET = 11.3;
				LD_RUNPATH_SEARCH_PATHS = (
					"$(inherited)",
					"@executable_path/Frameworks",
				);
				MARKETING_VERSION = 1.41;
				PRODUCT_BUNDLE_IDENTIFIER = "de.marcus-deuss.Inventory";
				PRODUCT_NAME = "$(TARGET_NAME)";
				SWIFT_VERSION = 5.0;
				TARGETED_DEVICE_FAMILY = "1,2";
			};
			name = Release;
		};
		2CC648C922968F7100A6DA65 /* Debug */ = {
			isa = XCBuildConfiguration;
			buildSettings = {
				ALWAYS_EMBED_SWIFT_STANDARD_LIBRARIES = YES;
				ASSETCATALOG_COMPILER_APPICON_NAME = AppIcon;
				CODE_SIGN_ENTITLEMENTS = Watch/Watch.entitlements;
				CODE_SIGN_STYLE = Automatic;
				CURRENT_PROJECT_VERSION = 165;
				DEVELOPMENT_TEAM = WS7XMU4939;
				IBSC_MODULE = Watch_Extension;
				INFOPLIST_FILE = Watch/Info.plist;
				MARKETING_VERSION = 1.41;
				MTL_ENABLE_DEBUG_INFO = INCLUDE_SOURCE;
				MTL_FAST_MATH = YES;
				PRODUCT_BUNDLE_IDENTIFIER = "de.marcus-deuss.Inventory.watchkitapp";
				PRODUCT_NAME = "$(TARGET_NAME)";
				SDKROOT = watchos;
				SKIP_INSTALL = YES;
				SWIFT_VERSION = 5.0;
				TARGETED_DEVICE_FAMILY = 4;
				WATCHOS_DEPLOYMENT_TARGET = 5.3;
			};
			name = Debug;
		};
		2CC648CA22968F7100A6DA65 /* Release */ = {
			isa = XCBuildConfiguration;
			buildSettings = {
				ALWAYS_EMBED_SWIFT_STANDARD_LIBRARIES = YES;
				ASSETCATALOG_COMPILER_APPICON_NAME = AppIcon;
				CODE_SIGN_ENTITLEMENTS = Watch/Watch.entitlements;
				CODE_SIGN_STYLE = Automatic;
				CURRENT_PROJECT_VERSION = 165;
				DEVELOPMENT_TEAM = WS7XMU4939;
				IBSC_MODULE = Watch_Extension;
				INFOPLIST_FILE = Watch/Info.plist;
				MARKETING_VERSION = 1.41;
				MTL_FAST_MATH = YES;
				PRODUCT_BUNDLE_IDENTIFIER = "de.marcus-deuss.Inventory.watchkitapp";
				PRODUCT_NAME = "$(TARGET_NAME)";
				SDKROOT = watchos;
				SKIP_INSTALL = YES;
				SWIFT_VERSION = 5.0;
				TARGETED_DEVICE_FAMILY = 4;
				WATCHOS_DEPLOYMENT_TARGET = 5.3;
			};
			name = Release;
		};
		2CC648CB22968F7100A6DA65 /* Debug */ = {
			isa = XCBuildConfiguration;
			buildSettings = {
				ASSETCATALOG_COMPILER_COMPLICATION_NAME = Complication;
				CODE_SIGN_ENTITLEMENTS = "Watch Extension/Watch Extension.entitlements";
				CODE_SIGN_STYLE = Automatic;
				CURRENT_PROJECT_VERSION = 165;
				DEVELOPMENT_TEAM = WS7XMU4939;
				INFOPLIST_FILE = "Watch Extension/Info.plist";
				LD_RUNPATH_SEARCH_PATHS = (
					"$(inherited)",
					"@executable_path/Frameworks",
					"@executable_path/../../Frameworks",
				);
				MARKETING_VERSION = 1.41;
				MTL_ENABLE_DEBUG_INFO = INCLUDE_SOURCE;
				MTL_FAST_MATH = YES;
				PRODUCT_BUNDLE_IDENTIFIER = "de.marcus-deuss.Inventory.watchkitapp.watchkitextension";
				PRODUCT_NAME = "${TARGET_NAME}";
				SDKROOT = watchos;
				SKIP_INSTALL = YES;
				SWIFT_VERSION = 5.0;
				TARGETED_DEVICE_FAMILY = 4;
				WATCHOS_DEPLOYMENT_TARGET = 5.3;
			};
			name = Debug;
		};
		2CC648CC22968F7100A6DA65 /* Release */ = {
			isa = XCBuildConfiguration;
			buildSettings = {
				ASSETCATALOG_COMPILER_COMPLICATION_NAME = Complication;
				CODE_SIGN_ENTITLEMENTS = "Watch Extension/Watch Extension.entitlements";
				CODE_SIGN_STYLE = Automatic;
				CURRENT_PROJECT_VERSION = 165;
				DEVELOPMENT_TEAM = WS7XMU4939;
				INFOPLIST_FILE = "Watch Extension/Info.plist";
				LD_RUNPATH_SEARCH_PATHS = (
					"$(inherited)",
					"@executable_path/Frameworks",
					"@executable_path/../../Frameworks",
				);
				MARKETING_VERSION = 1.41;
				MTL_FAST_MATH = YES;
				PRODUCT_BUNDLE_IDENTIFIER = "de.marcus-deuss.Inventory.watchkitapp.watchkitextension";
				PRODUCT_NAME = "${TARGET_NAME}";
				SDKROOT = watchos;
				SKIP_INSTALL = YES;
				SWIFT_VERSION = 5.0;
				TARGETED_DEVICE_FAMILY = 4;
				WATCHOS_DEPLOYMENT_TARGET = 5.3;
			};
			name = Release;
		};
		2CC7EC0F22A7B2D700F485AA /* Debug */ = {
			isa = XCBuildConfiguration;
			buildSettings = {
				CODE_SIGN_ENTITLEMENTS = InventoryToday/InventoryToday.entitlements;
				CODE_SIGN_STYLE = Automatic;
				CURRENT_PROJECT_VERSION = 165;
				DEVELOPMENT_TEAM = WS7XMU4939;
				INFOPLIST_FILE = InventoryToday/Info.plist;
				IPHONEOS_DEPLOYMENT_TARGET = 11.3;
				LD_RUNPATH_SEARCH_PATHS = (
					"$(inherited)",
					"@executable_path/Frameworks",
					"@executable_path/../../Frameworks",
				);
				MARKETING_VERSION = 1.41;
				MTL_ENABLE_DEBUG_INFO = INCLUDE_SOURCE;
				MTL_FAST_MATH = YES;
				PRODUCT_BUNDLE_IDENTIFIER = "de.marcus-deuss.Inventory.InventoryToday";
				PRODUCT_NAME = "$(TARGET_NAME)";
				SKIP_INSTALL = YES;
				SWIFT_VERSION = 5.0;
				TARGETED_DEVICE_FAMILY = "1,2";
			};
			name = Debug;
		};
		2CC7EC1022A7B2D700F485AA /* Release */ = {
			isa = XCBuildConfiguration;
			buildSettings = {
				CODE_SIGN_ENTITLEMENTS = InventoryToday/InventoryToday.entitlements;
				CODE_SIGN_STYLE = Automatic;
				CURRENT_PROJECT_VERSION = 165;
				DEVELOPMENT_TEAM = WS7XMU4939;
				INFOPLIST_FILE = InventoryToday/Info.plist;
				IPHONEOS_DEPLOYMENT_TARGET = 11.3;
				LD_RUNPATH_SEARCH_PATHS = (
					"$(inherited)",
					"@executable_path/Frameworks",
					"@executable_path/../../Frameworks",
				);
				MARKETING_VERSION = 1.41;
				MTL_FAST_MATH = YES;
				PRODUCT_BUNDLE_IDENTIFIER = "de.marcus-deuss.Inventory.InventoryToday";
				PRODUCT_NAME = "$(TARGET_NAME)";
				SKIP_INSTALL = YES;
				SWIFT_VERSION = 5.0;
				TARGETED_DEVICE_FAMILY = "1,2";
			};
			name = Release;
		};
		2CC85D04225F32BB006973A0 /* Debug */ = {
			isa = XCBuildConfiguration;
			buildSettings = {
				BUNDLE_LOADER = "$(TEST_HOST)";
				CODE_SIGN_STYLE = Automatic;
				DEVELOPMENT_TEAM = WS7XMU4939;
				INFOPLIST_FILE = InventoryTests/Info.plist;
				IPHONEOS_DEPLOYMENT_TARGET = 12.2;
				LD_RUNPATH_SEARCH_PATHS = (
					"$(inherited)",
					"@executable_path/Frameworks",
					"@loader_path/Frameworks",
				);
				MTL_ENABLE_DEBUG_INFO = INCLUDE_SOURCE;
				MTL_FAST_MATH = YES;
				PRODUCT_BUNDLE_IDENTIFIER = "de.marcus-deuss.InventoryTests";
				PRODUCT_NAME = "$(TARGET_NAME)";
				SWIFT_VERSION = 5.0;
				TARGETED_DEVICE_FAMILY = "1,2";
				TEST_HOST = "$(BUILT_PRODUCTS_DIR)/Inventory.app/Inventory";
			};
			name = Debug;
		};
		2CC85D05225F32BB006973A0 /* Release */ = {
			isa = XCBuildConfiguration;
			buildSettings = {
				BUNDLE_LOADER = "$(TEST_HOST)";
				CODE_SIGN_STYLE = Automatic;
				DEVELOPMENT_TEAM = WS7XMU4939;
				INFOPLIST_FILE = InventoryTests/Info.plist;
				IPHONEOS_DEPLOYMENT_TARGET = 12.2;
				LD_RUNPATH_SEARCH_PATHS = (
					"$(inherited)",
					"@executable_path/Frameworks",
					"@loader_path/Frameworks",
				);
				MTL_FAST_MATH = YES;
				PRODUCT_BUNDLE_IDENTIFIER = "de.marcus-deuss.InventoryTests";
				PRODUCT_NAME = "$(TARGET_NAME)";
				SWIFT_VERSION = 5.0;
				TARGETED_DEVICE_FAMILY = "1,2";
				TEST_HOST = "$(BUILT_PRODUCTS_DIR)/Inventory.app/Inventory";
			};
			name = Release;
		};
/* End XCBuildConfiguration section */

/* Begin XCConfigurationList section */
		2C56E8A52086350A00FD5136 /* Build configuration list for PBXProject "Inventory" */ = {
			isa = XCConfigurationList;
			buildConfigurations = (
				2C56E8D22086350B00FD5136 /* Debug */,
				2C56E8D32086350B00FD5136 /* Release */,
			);
			defaultConfigurationIsVisible = 0;
			defaultConfigurationName = Release;
		};
		2C56E8D42086350B00FD5136 /* Build configuration list for PBXNativeTarget "Inventory" */ = {
			isa = XCConfigurationList;
			buildConfigurations = (
				2C56E8D52086350B00FD5136 /* Debug */,
				2C56E8D62086350B00FD5136 /* Release */,
			);
			defaultConfigurationIsVisible = 0;
			defaultConfigurationName = Release;
		};
		2CC648CD22968F7100A6DA65 /* Build configuration list for PBXNativeTarget "Watch Extension" */ = {
			isa = XCConfigurationList;
			buildConfigurations = (
				2CC648CB22968F7100A6DA65 /* Debug */,
				2CC648CC22968F7100A6DA65 /* Release */,
			);
			defaultConfigurationIsVisible = 0;
			defaultConfigurationName = Release;
		};
		2CC648CF22968F7100A6DA65 /* Build configuration list for PBXNativeTarget "Watch" */ = {
			isa = XCConfigurationList;
			buildConfigurations = (
				2CC648C922968F7100A6DA65 /* Debug */,
				2CC648CA22968F7100A6DA65 /* Release */,
			);
			defaultConfigurationIsVisible = 0;
			defaultConfigurationName = Release;
		};
		2CC7EC0E22A7B2D700F485AA /* Build configuration list for PBXNativeTarget "InventoryToday" */ = {
			isa = XCConfigurationList;
			buildConfigurations = (
				2CC7EC0F22A7B2D700F485AA /* Debug */,
				2CC7EC1022A7B2D700F485AA /* Release */,
			);
			defaultConfigurationIsVisible = 0;
			defaultConfigurationName = Release;
		};
		2CC85D03225F32BB006973A0 /* Build configuration list for PBXNativeTarget "InventoryTests" */ = {
			isa = XCConfigurationList;
			buildConfigurations = (
				2CC85D04225F32BB006973A0 /* Debug */,
				2CC85D05225F32BB006973A0 /* Release */,
			);
			defaultConfigurationIsVisible = 0;
			defaultConfigurationName = Release;
		};
/* End XCConfigurationList section */

/* Begin XCVersionGroup section */
		2C56E8DD20866EAF00FD5136 /* Inventory.xcdatamodeld */ = {
			isa = XCVersionGroup;
			children = (
				2C56E8DE20866EAF00FD5136 /* Model.xcdatamodel */,
			);
			currentVersion = 2C56E8DE20866EAF00FD5136 /* Model.xcdatamodel */;
			path = Inventory.xcdatamodeld;
			sourceTree = "<group>";
			versionGroupType = wrapper.xcdatamodel;
		};
/* End XCVersionGroup section */
	};
	rootObject = 2C56E8A22086350A00FD5136 /* Project object */;
}
