// !$*UTF8*$!
{
	archiveVersion = 1;
	classes = {
	};
	objectVersion = 50;
	objects = {

/* Begin PBXBuildFile section */
		2C1C7F6D20B496F5004D5152 /* ReportsHeaderCollectionReusableView.swift in Sources */ = {isa = PBXBuildFile; fileRef = 2C1C7F6C20B496F5004D5152 /* ReportsHeaderCollectionReusableView.swift */; };
		2C1C7F6F20B499A5004D5152 /* ReportsFooterCollectionReusableView.swift in Sources */ = {isa = PBXBuildFile; fileRef = 2C1C7F6E20B499A5004D5152 /* ReportsFooterCollectionReusableView.swift */; };
		2C22268320AF26A9009CE098 /* InventoryHeaderCollectionReusableView.swift in Sources */ = {isa = PBXBuildFile; fileRef = 2C22268220AF26A9009CE098 /* InventoryHeaderCollectionReusableView.swift */; };
		2C4926D92090F85000508874 /* ReportsCollectionViewController.swift in Sources */ = {isa = PBXBuildFile; fileRef = 2C4926D82090F85000508874 /* ReportsCollectionViewController.swift */; };
		2C4926DB20920DA100508874 /* ReportsCollectionViewCell.swift in Sources */ = {isa = PBXBuildFile; fileRef = 2C4926DA20920DA100508874 /* ReportsCollectionViewCell.swift */; };
		2C4926DD20921AFE00508874 /* Inventory.png in Resources */ = {isa = PBXBuildFile; fileRef = 2C4926DC20921AFE00508874 /* Inventory.png */; };
		2C501B732098D03100D99949 /* CategoryTableViewController.swift in Sources */ = {isa = PBXBuildFile; fileRef = 2C501B722098D03100D99949 /* CategoryTableViewController.swift */; };
		2C501B752098E80500D99949 /* CategoryEditViewController.swift in Sources */ = {isa = PBXBuildFile; fileRef = 2C501B742098E80500D99949 /* CategoryEditViewController.swift */; };
		2C56E8AE2086350A00FD5136 /* AppDelegate.swift in Sources */ = {isa = PBXBuildFile; fileRef = 2C56E8AD2086350A00FD5136 /* AppDelegate.swift */; };
		2C56E8B52086350A00FD5136 /* Main.storyboard in Resources */ = {isa = PBXBuildFile; fileRef = 2C56E8B32086350A00FD5136 /* Main.storyboard */; };
		2C56E8B72086350B00FD5136 /* Assets.xcassets in Resources */ = {isa = PBXBuildFile; fileRef = 2C56E8B62086350B00FD5136 /* Assets.xcassets */; };
		2C56E8BA2086350B00FD5136 /* LaunchScreen.storyboard in Resources */ = {isa = PBXBuildFile; fileRef = 2C56E8B82086350B00FD5136 /* LaunchScreen.storyboard */; };
		2C56E8C52086350B00FD5136 /* InventoryTests.swift in Sources */ = {isa = PBXBuildFile; fileRef = 2C56E8C42086350B00FD5136 /* InventoryTests.swift */; };
		2C56E8D02086350B00FD5136 /* InventoryUITests.swift in Sources */ = {isa = PBXBuildFile; fileRef = 2C56E8CF2086350B00FD5136 /* InventoryUITests.swift */; };
		2C56E8DF20866EAF00FD5136 /* Inventory.xcdatamodeld in Sources */ = {isa = PBXBuildFile; fileRef = 2C56E8DD20866EAF00FD5136 /* Inventory.xcdatamodeld */; };
		2C56E90C208683D100FD5136 /* Helper.swift in Sources */ = {isa = PBXBuildFile; fileRef = 2C56E90B208683D100FD5136 /* Helper.swift */; };
		2C56E90E2086844A00FD5136 /* DeviceInfo.swift in Sources */ = {isa = PBXBuildFile; fileRef = 2C56E90D2086844A00FD5136 /* DeviceInfo.swift */; };
		2C56E94B2086A41700FD5136 /* Brand+CoreDataClass.swift in Sources */ = {isa = PBXBuildFile; fileRef = 2C56E9412086A41700FD5136 /* Brand+CoreDataClass.swift */; };
		2C56E94C2086A41700FD5136 /* Brand+CoreDataProperties.swift in Sources */ = {isa = PBXBuildFile; fileRef = 2C56E9422086A41700FD5136 /* Brand+CoreDataProperties.swift */; };
		2C56E94D2086A41700FD5136 /* Category+CoreDataClass.swift in Sources */ = {isa = PBXBuildFile; fileRef = 2C56E9432086A41700FD5136 /* Category+CoreDataClass.swift */; };
		2C56E94E2086A41700FD5136 /* Category+CoreDataProperties.swift in Sources */ = {isa = PBXBuildFile; fileRef = 2C56E9442086A41700FD5136 /* Category+CoreDataProperties.swift */; };
		2C56E94F2086A41700FD5136 /* Inventory+CoreDataClass.swift in Sources */ = {isa = PBXBuildFile; fileRef = 2C56E9452086A41700FD5136 /* Inventory+CoreDataClass.swift */; };
		2C56E9502086A41700FD5136 /* Inventory+CoreDataProperties.swift in Sources */ = {isa = PBXBuildFile; fileRef = 2C56E9462086A41700FD5136 /* Inventory+CoreDataProperties.swift */; };
		2C56E9512086A41700FD5136 /* Owner+CoreDataClass.swift in Sources */ = {isa = PBXBuildFile; fileRef = 2C56E9472086A41700FD5136 /* Owner+CoreDataClass.swift */; };
		2C56E9522086A41700FD5136 /* Owner+CoreDataProperties.swift in Sources */ = {isa = PBXBuildFile; fileRef = 2C56E9482086A41700FD5136 /* Owner+CoreDataProperties.swift */; };
		2C56E9532086A41700FD5136 /* Room+CoreDataClass.swift in Sources */ = {isa = PBXBuildFile; fileRef = 2C56E9492086A41700FD5136 /* Room+CoreDataClass.swift */; };
		2C56E9542086A41700FD5136 /* Room+CoreDataProperties.swift in Sources */ = {isa = PBXBuildFile; fileRef = 2C56E94A2086A41700FD5136 /* Room+CoreDataProperties.swift */; };
		2C56E95620872E1F00FD5136 /* AboutViewController.swift in Sources */ = {isa = PBXBuildFile; fileRef = 2C56E95520872E1F00FD5136 /* AboutViewController.swift */; };
		2C56E95820872E6200FD5136 /* ManageTableViewController.swift in Sources */ = {isa = PBXBuildFile; fileRef = 2C56E95720872E6200FD5136 /* ManageTableViewController.swift */; };
		2C56E95A20873E5700FD5136 /* InventoryCollectionViewController.swift in Sources */ = {isa = PBXBuildFile; fileRef = 2C56E95920873E5700FD5136 /* InventoryCollectionViewController.swift */; };
		2C56E95C20874B5A00FD5136 /* RoomTableViewController.swift in Sources */ = {isa = PBXBuildFile; fileRef = 2C56E95B20874B5A00FD5136 /* RoomTableViewController.swift */; };
		2C56E95E208756D500FD5136 /* RoomNavigationViewController.swift in Sources */ = {isa = PBXBuildFile; fileRef = 2C56E95D208756D500FD5136 /* RoomNavigationViewController.swift */; };
		2C56E96020879B3400FD5136 /* CollectionViewCell.swift in Sources */ = {isa = PBXBuildFile; fileRef = 2C56E95F20879B3400FD5136 /* CollectionViewCell.swift */; };
		2C56E9622087CA2100FD5136 /* RoomEditViewController.swift in Sources */ = {isa = PBXBuildFile; fileRef = 2C56E9612087CA2100FD5136 /* RoomEditViewController.swift */; };
		2C5DDF3C20F9F4C700D71782 /* BrandTableViewController.swift in Sources */ = {isa = PBXBuildFile; fileRef = 2C5DDF3B20F9F4C700D71782 /* BrandTableViewController.swift */; };
		2C5DDF3E20F9F89F00D71782 /* BrandEditViewController.swift in Sources */ = {isa = PBXBuildFile; fileRef = 2C5DDF3D20F9F89F00D71782 /* BrandEditViewController.swift */; };
		2C6B4AD4208E5551003CD033 /* CoreDataHandler.swift in Sources */ = {isa = PBXBuildFile; fileRef = 2C6B4AD3208E5551003CD033 /* CoreDataHandler.swift */; };
		2C6C715020D569E9003FC26A /* ImportExportViewController.swift in Sources */ = {isa = PBXBuildFile; fileRef = 2C6C714F20D569E8003FC26A /* ImportExportViewController.swift */; };
		2C770C6820887FA8004F2C12 /* InventoryEditViewController.swift in Sources */ = {isa = PBXBuildFile; fileRef = 2C770C6720887FA8004F2C12 /* InventoryEditViewController.swift */; };
		2C770C6C208B674C004F2C12 /* InventoryFooterCollectionReusableView.swift in Sources */ = {isa = PBXBuildFile; fileRef = 2C770C6B208B674C004F2C12 /* InventoryFooterCollectionReusableView.swift */; };
		2CAAF6A120CD5AF6004523AF /* PDFViewController.swift in Sources */ = {isa = PBXBuildFile; fileRef = 2CAAF6A020CD5AF6004523AF /* PDFViewController.swift */; };
/* End PBXBuildFile section */

/* Begin PBXContainerItemProxy section */
		2C56E8C12086350B00FD5136 /* PBXContainerItemProxy */ = {
			isa = PBXContainerItemProxy;
			containerPortal = 2C56E8A22086350A00FD5136 /* Project object */;
			proxyType = 1;
			remoteGlobalIDString = 2C56E8A92086350A00FD5136;
			remoteInfo = Inventory;
		};
		2C56E8CC2086350B00FD5136 /* PBXContainerItemProxy */ = {
			isa = PBXContainerItemProxy;
			containerPortal = 2C56E8A22086350A00FD5136 /* Project object */;
			proxyType = 1;
			remoteGlobalIDString = 2C56E8A92086350A00FD5136;
			remoteInfo = Inventory;
		};
/* End PBXContainerItemProxy section */

/* Begin PBXFileReference section */
		2C1C7F6C20B496F5004D5152 /* ReportsHeaderCollectionReusableView.swift */ = {isa = PBXFileReference; lastKnownFileType = sourcecode.swift; path = ReportsHeaderCollectionReusableView.swift; sourceTree = "<group>"; };
		2C1C7F6E20B499A5004D5152 /* ReportsFooterCollectionReusableView.swift */ = {isa = PBXFileReference; lastKnownFileType = sourcecode.swift; path = ReportsFooterCollectionReusableView.swift; sourceTree = "<group>"; };
		2C22268220AF26A9009CE098 /* InventoryHeaderCollectionReusableView.swift */ = {isa = PBXFileReference; lastKnownFileType = sourcecode.swift; path = InventoryHeaderCollectionReusableView.swift; sourceTree = "<group>"; };
		2C44B26A20CD216D00C5AD6B /* Inventory.entitlements */ = {isa = PBXFileReference; lastKnownFileType = text.plist.entitlements; path = Inventory.entitlements; sourceTree = "<group>"; };
		2C4926D82090F85000508874 /* ReportsCollectionViewController.swift */ = {isa = PBXFileReference; lastKnownFileType = sourcecode.swift; path = ReportsCollectionViewController.swift; sourceTree = "<group>"; };
		2C4926DA20920DA100508874 /* ReportsCollectionViewCell.swift */ = {isa = PBXFileReference; lastKnownFileType = sourcecode.swift; path = ReportsCollectionViewCell.swift; sourceTree = "<group>"; };
		2C4926DC20921AFE00508874 /* Inventory.png */ = {isa = PBXFileReference; lastKnownFileType = image.png; path = Inventory.png; sourceTree = "<group>"; };
		2C501B722098D03100D99949 /* CategoryTableViewController.swift */ = {isa = PBXFileReference; lastKnownFileType = sourcecode.swift; path = CategoryTableViewController.swift; sourceTree = "<group>"; };
		2C501B742098E80500D99949 /* CategoryEditViewController.swift */ = {isa = PBXFileReference; lastKnownFileType = sourcecode.swift; path = CategoryEditViewController.swift; sourceTree = "<group>"; };
		2C56E8AA2086350A00FD5136 /* Inventory.app */ = {isa = PBXFileReference; explicitFileType = wrapper.application; includeInIndex = 0; path = Inventory.app; sourceTree = BUILT_PRODUCTS_DIR; };
		2C56E8AD2086350A00FD5136 /* AppDelegate.swift */ = {isa = PBXFileReference; lastKnownFileType = sourcecode.swift; path = AppDelegate.swift; sourceTree = "<group>"; };
		2C56E8B42086350A00FD5136 /* Base */ = {isa = PBXFileReference; lastKnownFileType = file.storyboard; name = Base; path = Base.lproj/Main.storyboard; sourceTree = "<group>"; };
		2C56E8B62086350B00FD5136 /* Assets.xcassets */ = {isa = PBXFileReference; lastKnownFileType = folder.assetcatalog; path = Assets.xcassets; sourceTree = "<group>"; };
		2C56E8B92086350B00FD5136 /* Base */ = {isa = PBXFileReference; lastKnownFileType = file.storyboard; name = Base; path = Base.lproj/LaunchScreen.storyboard; sourceTree = "<group>"; };
		2C56E8BB2086350B00FD5136 /* Info.plist */ = {isa = PBXFileReference; lastKnownFileType = text.plist.xml; path = Info.plist; sourceTree = "<group>"; };
		2C56E8C02086350B00FD5136 /* InventoryTests.xctest */ = {isa = PBXFileReference; explicitFileType = wrapper.cfbundle; includeInIndex = 0; path = InventoryTests.xctest; sourceTree = BUILT_PRODUCTS_DIR; };
		2C56E8C42086350B00FD5136 /* InventoryTests.swift */ = {isa = PBXFileReference; lastKnownFileType = sourcecode.swift; path = InventoryTests.swift; sourceTree = "<group>"; };
		2C56E8C62086350B00FD5136 /* Info.plist */ = {isa = PBXFileReference; lastKnownFileType = text.plist.xml; path = Info.plist; sourceTree = "<group>"; };
		2C56E8CB2086350B00FD5136 /* InventoryUITests.xctest */ = {isa = PBXFileReference; explicitFileType = wrapper.cfbundle; includeInIndex = 0; path = InventoryUITests.xctest; sourceTree = BUILT_PRODUCTS_DIR; };
		2C56E8CF2086350B00FD5136 /* InventoryUITests.swift */ = {isa = PBXFileReference; lastKnownFileType = sourcecode.swift; path = InventoryUITests.swift; sourceTree = "<group>"; };
		2C56E8D12086350B00FD5136 /* Info.plist */ = {isa = PBXFileReference; lastKnownFileType = text.plist.xml; path = Info.plist; sourceTree = "<group>"; };
		2C56E8DE20866EAF00FD5136 /* Model.xcdatamodel */ = {isa = PBXFileReference; lastKnownFileType = wrapper.xcdatamodel; path = Model.xcdatamodel; sourceTree = "<group>"; };
		2C56E90B208683D100FD5136 /* Helper.swift */ = {isa = PBXFileReference; lastKnownFileType = sourcecode.swift; path = Helper.swift; sourceTree = "<group>"; };
		2C56E90D2086844A00FD5136 /* DeviceInfo.swift */ = {isa = PBXFileReference; lastKnownFileType = sourcecode.swift; path = DeviceInfo.swift; sourceTree = "<group>"; };
		2C56E9412086A41700FD5136 /* Brand+CoreDataClass.swift */ = {isa = PBXFileReference; lastKnownFileType = sourcecode.swift; path = "Brand+CoreDataClass.swift"; sourceTree = "<group>"; };
		2C56E9422086A41700FD5136 /* Brand+CoreDataProperties.swift */ = {isa = PBXFileReference; lastKnownFileType = sourcecode.swift; path = "Brand+CoreDataProperties.swift"; sourceTree = "<group>"; };
		2C56E9432086A41700FD5136 /* Category+CoreDataClass.swift */ = {isa = PBXFileReference; lastKnownFileType = sourcecode.swift; path = "Category+CoreDataClass.swift"; sourceTree = "<group>"; };
		2C56E9442086A41700FD5136 /* Category+CoreDataProperties.swift */ = {isa = PBXFileReference; lastKnownFileType = sourcecode.swift; path = "Category+CoreDataProperties.swift"; sourceTree = "<group>"; };
		2C56E9452086A41700FD5136 /* Inventory+CoreDataClass.swift */ = {isa = PBXFileReference; lastKnownFileType = sourcecode.swift; path = "Inventory+CoreDataClass.swift"; sourceTree = "<group>"; };
		2C56E9462086A41700FD5136 /* Inventory+CoreDataProperties.swift */ = {isa = PBXFileReference; lastKnownFileType = sourcecode.swift; path = "Inventory+CoreDataProperties.swift"; sourceTree = "<group>"; };
		2C56E9472086A41700FD5136 /* Owner+CoreDataClass.swift */ = {isa = PBXFileReference; lastKnownFileType = sourcecode.swift; path = "Owner+CoreDataClass.swift"; sourceTree = "<group>"; };
		2C56E9482086A41700FD5136 /* Owner+CoreDataProperties.swift */ = {isa = PBXFileReference; lastKnownFileType = sourcecode.swift; path = "Owner+CoreDataProperties.swift"; sourceTree = "<group>"; };
		2C56E9492086A41700FD5136 /* Room+CoreDataClass.swift */ = {isa = PBXFileReference; lastKnownFileType = sourcecode.swift; path = "Room+CoreDataClass.swift"; sourceTree = "<group>"; };
		2C56E94A2086A41700FD5136 /* Room+CoreDataProperties.swift */ = {isa = PBXFileReference; lastKnownFileType = sourcecode.swift; path = "Room+CoreDataProperties.swift"; sourceTree = "<group>"; };
		2C56E95520872E1F00FD5136 /* AboutViewController.swift */ = {isa = PBXFileReference; lastKnownFileType = sourcecode.swift; path = AboutViewController.swift; sourceTree = "<group>"; };
		2C56E95720872E6200FD5136 /* ManageTableViewController.swift */ = {isa = PBXFileReference; lastKnownFileType = sourcecode.swift; path = ManageTableViewController.swift; sourceTree = "<group>"; };
		2C56E95920873E5700FD5136 /* InventoryCollectionViewController.swift */ = {isa = PBXFileReference; lastKnownFileType = sourcecode.swift; path = InventoryCollectionViewController.swift; sourceTree = "<group>"; };
		2C56E95B20874B5A00FD5136 /* RoomTableViewController.swift */ = {isa = PBXFileReference; lastKnownFileType = sourcecode.swift; path = RoomTableViewController.swift; sourceTree = "<group>"; };
		2C56E95D208756D500FD5136 /* RoomNavigationViewController.swift */ = {isa = PBXFileReference; lastKnownFileType = sourcecode.swift; path = RoomNavigationViewController.swift; sourceTree = "<group>"; };
		2C56E95F20879B3400FD5136 /* CollectionViewCell.swift */ = {isa = PBXFileReference; lastKnownFileType = sourcecode.swift; path = CollectionViewCell.swift; sourceTree = "<group>"; };
		2C56E9612087CA2100FD5136 /* RoomEditViewController.swift */ = {isa = PBXFileReference; lastKnownFileType = sourcecode.swift; path = RoomEditViewController.swift; sourceTree = "<group>"; };
		2C5DDF3B20F9F4C700D71782 /* BrandTableViewController.swift */ = {isa = PBXFileReference; lastKnownFileType = sourcecode.swift; path = BrandTableViewController.swift; sourceTree = "<group>"; };
		2C5DDF3D20F9F89F00D71782 /* BrandEditViewController.swift */ = {isa = PBXFileReference; lastKnownFileType = sourcecode.swift; path = BrandEditViewController.swift; sourceTree = "<group>"; };
		2C6B4AD3208E5551003CD033 /* CoreDataHandler.swift */ = {isa = PBXFileReference; lastKnownFileType = sourcecode.swift; path = CoreDataHandler.swift; sourceTree = "<group>"; };
		2C6C714F20D569E8003FC26A /* ImportExportViewController.swift */ = {isa = PBXFileReference; fileEncoding = 4; lastKnownFileType = sourcecode.swift; path = ImportExportViewController.swift; sourceTree = "<group>"; };
		2C770C6720887FA8004F2C12 /* InventoryEditViewController.swift */ = {isa = PBXFileReference; lastKnownFileType = sourcecode.swift; path = InventoryEditViewController.swift; sourceTree = "<group>"; };
		2C770C6B208B674C004F2C12 /* InventoryFooterCollectionReusableView.swift */ = {isa = PBXFileReference; lastKnownFileType = sourcecode.swift; path = InventoryFooterCollectionReusableView.swift; sourceTree = "<group>"; };
		2CAAF6A020CD5AF6004523AF /* PDFViewController.swift */ = {isa = PBXFileReference; lastKnownFileType = sourcecode.swift; path = PDFViewController.swift; sourceTree = "<group>"; };
/* End PBXFileReference section */

/* Begin PBXFrameworksBuildPhase section */
		2C56E8A72086350A00FD5136 /* Frameworks */ = {
			isa = PBXFrameworksBuildPhase;
			buildActionMask = 2147483647;
			files = (
			);
			runOnlyForDeploymentPostprocessing = 0;
		};
		2C56E8BD2086350B00FD5136 /* Frameworks */ = {
			isa = PBXFrameworksBuildPhase;
			buildActionMask = 2147483647;
			files = (
			);
			runOnlyForDeploymentPostprocessing = 0;
		};
		2C56E8C82086350B00FD5136 /* Frameworks */ = {
			isa = PBXFrameworksBuildPhase;
			buildActionMask = 2147483647;
			files = (
			);
			runOnlyForDeploymentPostprocessing = 0;
		};
/* End PBXFrameworksBuildPhase section */

/* Begin PBXGroup section */
		2C251264208F4C3400A6B5A3 /* Images */ = {
			isa = PBXGroup;
			children = (
				2C4926DC20921AFE00508874 /* Inventory.png */,
			);
			path = Images;
			sourceTree = "<group>";
		};
		2C56E8A12086350A00FD5136 = {
			isa = PBXGroup;
			children = (
				2C56E8AC2086350A00FD5136 /* Inventory */,
				2C56E8C32086350B00FD5136 /* InventoryTests */,
				2C56E8CE2086350B00FD5136 /* InventoryUITests */,
				2C56E8AB2086350A00FD5136 /* Products */,
			);
			sourceTree = "<group>";
		};
		2C56E8AB2086350A00FD5136 /* Products */ = {
			isa = PBXGroup;
			children = (
				2C56E8AA2086350A00FD5136 /* Inventory.app */,
				2C56E8C02086350B00FD5136 /* InventoryTests.xctest */,
				2C56E8CB2086350B00FD5136 /* InventoryUITests.xctest */,
			);
			name = Products;
			sourceTree = "<group>";
		};
		2C56E8AC2086350A00FD5136 /* Inventory */ = {
			isa = PBXGroup;
			children = (
				2C44B26A20CD216D00C5AD6B /* Inventory.entitlements */,
				2C251264208F4C3400A6B5A3 /* Images */,
				2C56E9092086837000FD5136 /* ViewController */,
				2C56E90A208683A800FD5136 /* Helper */,
				2C56E9082086834300FD5136 /* Model */,
				2C56E8AD2086350A00FD5136 /* AppDelegate.swift */,
				2C56E8B32086350A00FD5136 /* Main.storyboard */,
				2C56E8B62086350B00FD5136 /* Assets.xcassets */,
				2C56E8B82086350B00FD5136 /* LaunchScreen.storyboard */,
				2C56E8BB2086350B00FD5136 /* Info.plist */,
			);
			path = Inventory;
			sourceTree = "<group>";
		};
		2C56E8C32086350B00FD5136 /* InventoryTests */ = {
			isa = PBXGroup;
			children = (
				2C56E8C42086350B00FD5136 /* InventoryTests.swift */,
				2C56E8C62086350B00FD5136 /* Info.plist */,
			);
			path = InventoryTests;
			sourceTree = "<group>";
		};
		2C56E8CE2086350B00FD5136 /* InventoryUITests */ = {
			isa = PBXGroup;
			children = (
				2C56E8CF2086350B00FD5136 /* InventoryUITests.swift */,
				2C56E8D12086350B00FD5136 /* Info.plist */,
			);
			path = InventoryUITests;
			sourceTree = "<group>";
		};
		2C56E9082086834300FD5136 /* Model */ = {
			isa = PBXGroup;
			children = (
				2C56E9412086A41700FD5136 /* Brand+CoreDataClass.swift */,
				2C56E9422086A41700FD5136 /* Brand+CoreDataProperties.swift */,
				2C56E9432086A41700FD5136 /* Category+CoreDataClass.swift */,
				2C56E9442086A41700FD5136 /* Category+CoreDataProperties.swift */,
				2C56E9452086A41700FD5136 /* Inventory+CoreDataClass.swift */,
				2C56E9462086A41700FD5136 /* Inventory+CoreDataProperties.swift */,
				2C56E9472086A41700FD5136 /* Owner+CoreDataClass.swift */,
				2C56E9482086A41700FD5136 /* Owner+CoreDataProperties.swift */,
				2C56E9492086A41700FD5136 /* Room+CoreDataClass.swift */,
				2C56E94A2086A41700FD5136 /* Room+CoreDataProperties.swift */,
				2C56E8DD20866EAF00FD5136 /* Inventory.xcdatamodeld */,
				2C6B4AD3208E5551003CD033 /* CoreDataHandler.swift */,
			);
			path = Model;
			sourceTree = "<group>";
		};
		2C56E9092086837000FD5136 /* ViewController */ = {
			isa = PBXGroup;
			children = (
				2C56E95520872E1F00FD5136 /* AboutViewController.swift */,
				2C56E95720872E6200FD5136 /* ManageTableViewController.swift */,
				2C56E95F20879B3400FD5136 /* CollectionViewCell.swift */,
				2C56E95920873E5700FD5136 /* InventoryCollectionViewController.swift */,
				2C770C6720887FA8004F2C12 /* InventoryEditViewController.swift */,
				2C22268220AF26A9009CE098 /* InventoryHeaderCollectionReusableView.swift */,
				2C770C6B208B674C004F2C12 /* InventoryFooterCollectionReusableView.swift */,
				2C56E95B20874B5A00FD5136 /* RoomTableViewController.swift */,
				2C56E9612087CA2100FD5136 /* RoomEditViewController.swift */,
				2C56E95D208756D500FD5136 /* RoomNavigationViewController.swift */,
				2C4926D82090F85000508874 /* ReportsCollectionViewController.swift */,
				2C4926DA20920DA100508874 /* ReportsCollectionViewCell.swift */,
				2C1C7F6C20B496F5004D5152 /* ReportsHeaderCollectionReusableView.swift */,
				2C1C7F6E20B499A5004D5152 /* ReportsFooterCollectionReusableView.swift */,
				2C501B722098D03100D99949 /* CategoryTableViewController.swift */,
				2C501B742098E80500D99949 /* CategoryEditViewController.swift */,
				2C5DDF3B20F9F4C700D71782 /* BrandTableViewController.swift */,
				2C5DDF3D20F9F89F00D71782 /* BrandEditViewController.swift */,
				2C6C714F20D569E8003FC26A /* ImportExportViewController.swift */,
				2CAAF6A020CD5AF6004523AF /* PDFViewController.swift */,
			);
			path = ViewController;
			sourceTree = "<group>";
		};
		2C56E90A208683A800FD5136 /* Helper */ = {
			isa = PBXGroup;
			children = (
				2C56E90B208683D100FD5136 /* Helper.swift */,
				2C56E90D2086844A00FD5136 /* DeviceInfo.swift */,
			);
			path = Helper;
			sourceTree = "<group>";
		};
/* End PBXGroup section */

/* Begin PBXNativeTarget section */
		2C56E8A92086350A00FD5136 /* Inventory */ = {
			isa = PBXNativeTarget;
			buildConfigurationList = 2C56E8D42086350B00FD5136 /* Build configuration list for PBXNativeTarget "Inventory" */;
			buildPhases = (
				2C56E8A62086350A00FD5136 /* Sources */,
				2C56E8A72086350A00FD5136 /* Frameworks */,
				2C56E8A82086350A00FD5136 /* Resources */,
			);
			buildRules = (
			);
			dependencies = (
			);
			name = Inventory;
			productName = Inventory;
			productReference = 2C56E8AA2086350A00FD5136 /* Inventory.app */;
			productType = "com.apple.product-type.application";
		};
		2C56E8BF2086350B00FD5136 /* InventoryTests */ = {
			isa = PBXNativeTarget;
			buildConfigurationList = 2C56E8D72086350B00FD5136 /* Build configuration list for PBXNativeTarget "InventoryTests" */;
			buildPhases = (
				2C56E8BC2086350B00FD5136 /* Sources */,
				2C56E8BD2086350B00FD5136 /* Frameworks */,
				2C56E8BE2086350B00FD5136 /* Resources */,
			);
			buildRules = (
			);
			dependencies = (
				2C56E8C22086350B00FD5136 /* PBXTargetDependency */,
			);
			name = InventoryTests;
			productName = InventoryTests;
			productReference = 2C56E8C02086350B00FD5136 /* InventoryTests.xctest */;
			productType = "com.apple.product-type.bundle.unit-test";
		};
		2C56E8CA2086350B00FD5136 /* InventoryUITests */ = {
			isa = PBXNativeTarget;
			buildConfigurationList = 2C56E8DA2086350B00FD5136 /* Build configuration list for PBXNativeTarget "InventoryUITests" */;
			buildPhases = (
				2C56E8C72086350B00FD5136 /* Sources */,
				2C56E8C82086350B00FD5136 /* Frameworks */,
				2C56E8C92086350B00FD5136 /* Resources */,
			);
			buildRules = (
			);
			dependencies = (
				2C56E8CD2086350B00FD5136 /* PBXTargetDependency */,
			);
			name = InventoryUITests;
			productName = InventoryUITests;
			productReference = 2C56E8CB2086350B00FD5136 /* InventoryUITests.xctest */;
			productType = "com.apple.product-type.bundle.ui-testing";
		};
/* End PBXNativeTarget section */

/* Begin PBXProject section */
		2C56E8A22086350A00FD5136 /* Project object */ = {
			isa = PBXProject;
			attributes = {
				LastSwiftUpdateCheck = 0930;
				LastUpgradeCheck = 0930;
				ORGANIZATIONNAME = "Marcus Deuß";
				TargetAttributes = {
					2C56E8A92086350A00FD5136 = {
						CreatedOnToolsVersion = 9.3;
						SystemCapabilities = {
							com.apple.iCloud = {
								enabled = 1;
							};
						};
					};
					2C56E8BF2086350B00FD5136 = {
						CreatedOnToolsVersion = 9.3;
						TestTargetID = 2C56E8A92086350A00FD5136;
					};
					2C56E8CA2086350B00FD5136 = {
						CreatedOnToolsVersion = 9.3;
						TestTargetID = 2C56E8A92086350A00FD5136;
					};
				};
			};
			buildConfigurationList = 2C56E8A52086350A00FD5136 /* Build configuration list for PBXProject "Inventory" */;
			compatibilityVersion = "Xcode 9.3";
			developmentRegion = en;
			hasScannedForEncodings = 0;
			knownRegions = (
				en,
				Base,
			);
			mainGroup = 2C56E8A12086350A00FD5136;
			productRefGroup = 2C56E8AB2086350A00FD5136 /* Products */;
			projectDirPath = "";
			projectRoot = "";
			targets = (
				2C56E8A92086350A00FD5136 /* Inventory */,
				2C56E8BF2086350B00FD5136 /* InventoryTests */,
				2C56E8CA2086350B00FD5136 /* InventoryUITests */,
			);
		};
/* End PBXProject section */

/* Begin PBXResourcesBuildPhase section */
		2C56E8A82086350A00FD5136 /* Resources */ = {
			isa = PBXResourcesBuildPhase;
			buildActionMask = 2147483647;
			files = (
				2C56E8BA2086350B00FD5136 /* LaunchScreen.storyboard in Resources */,
				2C56E8B72086350B00FD5136 /* Assets.xcassets in Resources */,
				2C4926DD20921AFE00508874 /* Inventory.png in Resources */,
				2C56E8B52086350A00FD5136 /* Main.storyboard in Resources */,
			);
			runOnlyForDeploymentPostprocessing = 0;
		};
		2C56E8BE2086350B00FD5136 /* Resources */ = {
			isa = PBXResourcesBuildPhase;
			buildActionMask = 2147483647;
			files = (
			);
			runOnlyForDeploymentPostprocessing = 0;
		};
		2C56E8C92086350B00FD5136 /* Resources */ = {
			isa = PBXResourcesBuildPhase;
			buildActionMask = 2147483647;
			files = (
			);
			runOnlyForDeploymentPostprocessing = 0;
		};
/* End PBXResourcesBuildPhase section */

/* Begin PBXSourcesBuildPhase section */
		2C56E8A62086350A00FD5136 /* Sources */ = {
			isa = PBXSourcesBuildPhase;
			buildActionMask = 2147483647;
			files = (
				2C501B752098E80500D99949 /* CategoryEditViewController.swift in Sources */,
				2C5DDF3C20F9F4C700D71782 /* BrandTableViewController.swift in Sources */,
				2C5DDF3E20F9F89F00D71782 /* BrandEditViewController.swift in Sources */,
				2C56E9542086A41700FD5136 /* Room+CoreDataProperties.swift in Sources */,
				2C22268320AF26A9009CE098 /* InventoryHeaderCollectionReusableView.swift in Sources */,
				2C6B4AD4208E5551003CD033 /* CoreDataHandler.swift in Sources */,
				2C770C6C208B674C004F2C12 /* InventoryFooterCollectionReusableView.swift in Sources */,
				2C6C715020D569E9003FC26A /* ImportExportViewController.swift in Sources */,
				2C56E9532086A41700FD5136 /* Room+CoreDataClass.swift in Sources */,
				2C56E9522086A41700FD5136 /* Owner+CoreDataProperties.swift in Sources */,
				2C770C6820887FA8004F2C12 /* InventoryEditViewController.swift in Sources */,
				2C4926DB20920DA100508874 /* ReportsCollectionViewCell.swift in Sources */,
				2C56E90C208683D100FD5136 /* Helper.swift in Sources */,
				2C56E95820872E6200FD5136 /* ManageTableViewController.swift in Sources */,
				2CAAF6A120CD5AF6004523AF /* PDFViewController.swift in Sources */,
				2C56E8AE2086350A00FD5136 /* AppDelegate.swift in Sources */,
				2C56E95C20874B5A00FD5136 /* RoomTableViewController.swift in Sources */,
				2C56E94C2086A41700FD5136 /* Brand+CoreDataProperties.swift in Sources */,
				2C56E90E2086844A00FD5136 /* DeviceInfo.swift in Sources */,
				2C56E94B2086A41700FD5136 /* Brand+CoreDataClass.swift in Sources */,
				2C501B732098D03100D99949 /* CategoryTableViewController.swift in Sources */,
				2C56E96020879B3400FD5136 /* CollectionViewCell.swift in Sources */,
				2C4926D92090F85000508874 /* ReportsCollectionViewController.swift in Sources */,
				2C56E95620872E1F00FD5136 /* AboutViewController.swift in Sources */,
				2C1C7F6D20B496F5004D5152 /* ReportsHeaderCollectionReusableView.swift in Sources */,
				2C56E9502086A41700FD5136 /* Inventory+CoreDataProperties.swift in Sources */,
				2C56E95A20873E5700FD5136 /* InventoryCollectionViewController.swift in Sources */,
				2C56E9622087CA2100FD5136 /* RoomEditViewController.swift in Sources */,
				2C56E95E208756D500FD5136 /* RoomNavigationViewController.swift in Sources */,
				2C56E94E2086A41700FD5136 /* Category+CoreDataProperties.swift in Sources */,
				2C56E9512086A41700FD5136 /* Owner+CoreDataClass.swift in Sources */,
				2C1C7F6F20B499A5004D5152 /* ReportsFooterCollectionReusableView.swift in Sources */,
				2C56E94D2086A41700FD5136 /* Category+CoreDataClass.swift in Sources */,
				2C56E8DF20866EAF00FD5136 /* Inventory.xcdatamodeld in Sources */,
				2C56E94F2086A41700FD5136 /* Inventory+CoreDataClass.swift in Sources */,
			);
			runOnlyForDeploymentPostprocessing = 0;
		};
		2C56E8BC2086350B00FD5136 /* Sources */ = {
			isa = PBXSourcesBuildPhase;
			buildActionMask = 2147483647;
			files = (
				2C56E8C52086350B00FD5136 /* InventoryTests.swift in Sources */,
			);
			runOnlyForDeploymentPostprocessing = 0;
		};
		2C56E8C72086350B00FD5136 /* Sources */ = {
			isa = PBXSourcesBuildPhase;
			buildActionMask = 2147483647;
			files = (
				2C56E8D02086350B00FD5136 /* InventoryUITests.swift in Sources */,
			);
			runOnlyForDeploymentPostprocessing = 0;
		};
/* End PBXSourcesBuildPhase section */

/* Begin PBXTargetDependency section */
		2C56E8C22086350B00FD5136 /* PBXTargetDependency */ = {
			isa = PBXTargetDependency;
			target = 2C56E8A92086350A00FD5136 /* Inventory */;
			targetProxy = 2C56E8C12086350B00FD5136 /* PBXContainerItemProxy */;
		};
		2C56E8CD2086350B00FD5136 /* PBXTargetDependency */ = {
			isa = PBXTargetDependency;
			target = 2C56E8A92086350A00FD5136 /* Inventory */;
			targetProxy = 2C56E8CC2086350B00FD5136 /* PBXContainerItemProxy */;
		};
/* End PBXTargetDependency section */

/* Begin PBXVariantGroup section */
		2C56E8B32086350A00FD5136 /* Main.storyboard */ = {
			isa = PBXVariantGroup;
			children = (
				2C56E8B42086350A00FD5136 /* Base */,
			);
			name = Main.storyboard;
			sourceTree = "<group>";
		};
		2C56E8B82086350B00FD5136 /* LaunchScreen.storyboard */ = {
			isa = PBXVariantGroup;
			children = (
				2C56E8B92086350B00FD5136 /* Base */,
			);
			name = LaunchScreen.storyboard;
			sourceTree = "<group>";
		};
/* End PBXVariantGroup section */

/* Begin XCBuildConfiguration section */
		2C56E8D22086350B00FD5136 /* Debug */ = {
			isa = XCBuildConfiguration;
			buildSettings = {
				ALWAYS_SEARCH_USER_PATHS = NO;
				CLANG_ANALYZER_NONNULL = YES;
				CLANG_ANALYZER_NUMBER_OBJECT_CONVERSION = YES_AGGRESSIVE;
				CLANG_CXX_LANGUAGE_STANDARD = "gnu++14";
				CLANG_CXX_LIBRARY = "libc++";
				CLANG_ENABLE_MODULES = YES;
				CLANG_ENABLE_OBJC_ARC = YES;
				CLANG_ENABLE_OBJC_WEAK = YES;
				CLANG_WARN_BLOCK_CAPTURE_AUTORELEASING = YES;
				CLANG_WARN_BOOL_CONVERSION = YES;
				CLANG_WARN_COMMA = YES;
				CLANG_WARN_CONSTANT_CONVERSION = YES;
				CLANG_WARN_DEPRECATED_OBJC_IMPLEMENTATIONS = YES;
				CLANG_WARN_DIRECT_OBJC_ISA_USAGE = YES_ERROR;
				CLANG_WARN_DOCUMENTATION_COMMENTS = YES;
				CLANG_WARN_EMPTY_BODY = YES;
				CLANG_WARN_ENUM_CONVERSION = YES;
				CLANG_WARN_INFINITE_RECURSION = YES;
				CLANG_WARN_INT_CONVERSION = YES;
				CLANG_WARN_NON_LITERAL_NULL_CONVERSION = YES;
				CLANG_WARN_OBJC_IMPLICIT_RETAIN_SELF = YES;
				CLANG_WARN_OBJC_LITERAL_CONVERSION = YES;
				CLANG_WARN_OBJC_ROOT_CLASS = YES_ERROR;
				CLANG_WARN_RANGE_LOOP_ANALYSIS = YES;
				CLANG_WARN_STRICT_PROTOTYPES = YES;
				CLANG_WARN_SUSPICIOUS_MOVE = YES;
				CLANG_WARN_UNGUARDED_AVAILABILITY = YES_AGGRESSIVE;
				CLANG_WARN_UNREACHABLE_CODE = YES;
				CLANG_WARN__DUPLICATE_METHOD_MATCH = YES;
				CODE_SIGN_IDENTITY = "iPhone Developer";
				COPY_PHASE_STRIP = NO;
				DEBUG_INFORMATION_FORMAT = dwarf;
				ENABLE_STRICT_OBJC_MSGSEND = YES;
				ENABLE_TESTABILITY = YES;
				GCC_C_LANGUAGE_STANDARD = gnu11;
				GCC_DYNAMIC_NO_PIC = NO;
				GCC_NO_COMMON_BLOCKS = YES;
				GCC_OPTIMIZATION_LEVEL = 0;
				GCC_PREPROCESSOR_DEFINITIONS = (
					"DEBUG=1",
					"$(inherited)",
				);
				GCC_WARN_64_TO_32_BIT_CONVERSION = YES;
				GCC_WARN_ABOUT_RETURN_TYPE = YES_ERROR;
				GCC_WARN_UNDECLARED_SELECTOR = YES;
				GCC_WARN_UNINITIALIZED_AUTOS = YES_AGGRESSIVE;
				GCC_WARN_UNUSED_FUNCTION = YES;
				GCC_WARN_UNUSED_VARIABLE = YES;
				IPHONEOS_DEPLOYMENT_TARGET = 11.3;
				MTL_ENABLE_DEBUG_INFO = YES;
				ONLY_ACTIVE_ARCH = YES;
				SDKROOT = iphoneos;
				SWIFT_ACTIVE_COMPILATION_CONDITIONS = DEBUG;
				SWIFT_OPTIMIZATION_LEVEL = "-Onone";
			};
			name = Debug;
		};
		2C56E8D32086350B00FD5136 /* Release */ = {
			isa = XCBuildConfiguration;
			buildSettings = {
				ALWAYS_SEARCH_USER_PATHS = NO;
				CLANG_ANALYZER_NONNULL = YES;
				CLANG_ANALYZER_NUMBER_OBJECT_CONVERSION = YES_AGGRESSIVE;
				CLANG_CXX_LANGUAGE_STANDARD = "gnu++14";
				CLANG_CXX_LIBRARY = "libc++";
				CLANG_ENABLE_MODULES = YES;
				CLANG_ENABLE_OBJC_ARC = YES;
				CLANG_ENABLE_OBJC_WEAK = YES;
				CLANG_WARN_BLOCK_CAPTURE_AUTORELEASING = YES;
				CLANG_WARN_BOOL_CONVERSION = YES;
				CLANG_WARN_COMMA = YES;
				CLANG_WARN_CONSTANT_CONVERSION = YES;
				CLANG_WARN_DEPRECATED_OBJC_IMPLEMENTATIONS = YES;
				CLANG_WARN_DIRECT_OBJC_ISA_USAGE = YES_ERROR;
				CLANG_WARN_DOCUMENTATION_COMMENTS = YES;
				CLANG_WARN_EMPTY_BODY = YES;
				CLANG_WARN_ENUM_CONVERSION = YES;
				CLANG_WARN_INFINITE_RECURSION = YES;
				CLANG_WARN_INT_CONVERSION = YES;
				CLANG_WARN_NON_LITERAL_NULL_CONVERSION = YES;
				CLANG_WARN_OBJC_IMPLICIT_RETAIN_SELF = YES;
				CLANG_WARN_OBJC_LITERAL_CONVERSION = YES;
				CLANG_WARN_OBJC_ROOT_CLASS = YES_ERROR;
				CLANG_WARN_RANGE_LOOP_ANALYSIS = YES;
				CLANG_WARN_STRICT_PROTOTYPES = YES;
				CLANG_WARN_SUSPICIOUS_MOVE = YES;
				CLANG_WARN_UNGUARDED_AVAILABILITY = YES_AGGRESSIVE;
				CLANG_WARN_UNREACHABLE_CODE = YES;
				CLANG_WARN__DUPLICATE_METHOD_MATCH = YES;
				CODE_SIGN_IDENTITY = "iPhone Developer";
				COPY_PHASE_STRIP = NO;
				DEBUG_INFORMATION_FORMAT = "dwarf-with-dsym";
				ENABLE_NS_ASSERTIONS = NO;
				ENABLE_STRICT_OBJC_MSGSEND = YES;
				GCC_C_LANGUAGE_STANDARD = gnu11;
				GCC_NO_COMMON_BLOCKS = YES;
				GCC_WARN_64_TO_32_BIT_CONVERSION = YES;
				GCC_WARN_ABOUT_RETURN_TYPE = YES_ERROR;
				GCC_WARN_UNDECLARED_SELECTOR = YES;
				GCC_WARN_UNINITIALIZED_AUTOS = YES_AGGRESSIVE;
				GCC_WARN_UNUSED_FUNCTION = YES;
				GCC_WARN_UNUSED_VARIABLE = YES;
				IPHONEOS_DEPLOYMENT_TARGET = 11.3;
				MTL_ENABLE_DEBUG_INFO = NO;
				SDKROOT = iphoneos;
				SWIFT_COMPILATION_MODE = wholemodule;
				SWIFT_OPTIMIZATION_LEVEL = "-O";
				VALIDATE_PRODUCT = YES;
			};
			name = Release;
		};
		2C56E8D52086350B00FD5136 /* Debug */ = {
			isa = XCBuildConfiguration;
			buildSettings = {
				ASSETCATALOG_COMPILER_APPICON_NAME = AppIcon;
				CODE_SIGN_ENTITLEMENTS = Inventory/Inventory.entitlements;
				CODE_SIGN_STYLE = Automatic;
				DEVELOPMENT_TEAM = WS7XMU4939;
				INFOPLIST_FILE = Inventory/Info.plist;
				IPHONEOS_DEPLOYMENT_TARGET = 11.4;
				LD_RUNPATH_SEARCH_PATHS = (
					"$(inherited)",
					"@executable_path/Frameworks",
				);
				PRODUCT_BUNDLE_IDENTIFIER = "de.marcus-deuss.de.Inventory";
				PRODUCT_NAME = "$(TARGET_NAME)";
				SWIFT_VERSION = 4.0;
				TARGETED_DEVICE_FAMILY = "1,2";
			};
			name = Debug;
		};
		2C56E8D62086350B00FD5136 /* Release */ = {
			isa = XCBuildConfiguration;
			buildSettings = {
				ASSETCATALOG_COMPILER_APPICON_NAME = AppIcon;
				CODE_SIGN_ENTITLEMENTS = Inventory/Inventory.entitlements;
				CODE_SIGN_STYLE = Automatic;
				DEVELOPMENT_TEAM = WS7XMU4939;
				INFOPLIST_FILE = Inventory/Info.plist;
				IPHONEOS_DEPLOYMENT_TARGET = 11.4;
				LD_RUNPATH_SEARCH_PATHS = (
					"$(inherited)",
					"@executable_path/Frameworks",
				);
				PRODUCT_BUNDLE_IDENTIFIER = "de.marcus-deuss.de.Inventory";
				PRODUCT_NAME = "$(TARGET_NAME)";
				SWIFT_VERSION = 4.0;
				TARGETED_DEVICE_FAMILY = "1,2";
			};
			name = Release;
		};
		2C56E8D82086350B00FD5136 /* Debug */ = {
			isa = XCBuildConfiguration;
			buildSettings = {
				ALWAYS_EMBED_SWIFT_STANDARD_LIBRARIES = YES;
				BUNDLE_LOADER = "$(TEST_HOST)";
				CODE_SIGN_STYLE = Automatic;
				INFOPLIST_FILE = InventoryTests/Info.plist;
				LD_RUNPATH_SEARCH_PATHS = (
					"$(inherited)",
					"@executable_path/Frameworks",
					"@loader_path/Frameworks",
				);
				PRODUCT_BUNDLE_IDENTIFIER = "de.marcus-deuss.de.InventoryTests";
				PRODUCT_NAME = "$(TARGET_NAME)";
				SWIFT_VERSION = 4.0;
				TARGETED_DEVICE_FAMILY = "1,2";
				TEST_HOST = "$(BUILT_PRODUCTS_DIR)/Inventory.app/Inventory";
			};
			name = Debug;
		};
		2C56E8D92086350B00FD5136 /* Release */ = {
			isa = XCBuildConfiguration;
			buildSettings = {
				ALWAYS_EMBED_SWIFT_STANDARD_LIBRARIES = YES;
				BUNDLE_LOADER = "$(TEST_HOST)";
				CODE_SIGN_STYLE = Automatic;
				INFOPLIST_FILE = InventoryTests/Info.plist;
				LD_RUNPATH_SEARCH_PATHS = (
					"$(inherited)",
					"@executable_path/Frameworks",
					"@loader_path/Frameworks",
				);
				PRODUCT_BUNDLE_IDENTIFIER = "de.marcus-deuss.de.InventoryTests";
				PRODUCT_NAME = "$(TARGET_NAME)";
				SWIFT_VERSION = 4.0;
				TARGETED_DEVICE_FAMILY = "1,2";
				TEST_HOST = "$(BUILT_PRODUCTS_DIR)/Inventory.app/Inventory";
			};
			name = Release;
		};
		2C56E8DB2086350B00FD5136 /* Debug */ = {
			isa = XCBuildConfiguration;
			buildSettings = {
				ALWAYS_EMBED_SWIFT_STANDARD_LIBRARIES = YES;
				CODE_SIGN_STYLE = Automatic;
				INFOPLIST_FILE = InventoryUITests/Info.plist;
				LD_RUNPATH_SEARCH_PATHS = (
					"$(inherited)",
					"@executable_path/Frameworks",
					"@loader_path/Frameworks",
				);
				PRODUCT_BUNDLE_IDENTIFIER = "de.marcus-deuss.de.InventoryUITests";
				PRODUCT_NAME = "$(TARGET_NAME)";
				SWIFT_VERSION = 4.0;
				TARGETED_DEVICE_FAMILY = "1,2";
				TEST_TARGET_NAME = Inventory;
			};
			name = Debug;
		};
		2C56E8DC2086350B00FD5136 /* Release */ = {
			isa = XCBuildConfiguration;
			buildSettings = {
				ALWAYS_EMBED_SWIFT_STANDARD_LIBRARIES = YES;
				CODE_SIGN_STYLE = Automatic;
				INFOPLIST_FILE = InventoryUITests/Info.plist;
				LD_RUNPATH_SEARCH_PATHS = (
					"$(inherited)",
					"@executable_path/Frameworks",
					"@loader_path/Frameworks",
				);
				PRODUCT_BUNDLE_IDENTIFIER = "de.marcus-deuss.de.InventoryUITests";
				PRODUCT_NAME = "$(TARGET_NAME)";
				SWIFT_VERSION = 4.0;
				TARGETED_DEVICE_FAMILY = "1,2";
				TEST_TARGET_NAME = Inventory;
			};
			name = Release;
		};
/* End XCBuildConfiguration section */

/* Begin XCConfigurationList section */
		2C56E8A52086350A00FD5136 /* Build configuration list for PBXProject "Inventory" */ = {
			isa = XCConfigurationList;
			buildConfigurations = (
				2C56E8D22086350B00FD5136 /* Debug */,
				2C56E8D32086350B00FD5136 /* Release */,
			);
			defaultConfigurationIsVisible = 0;
			defaultConfigurationName = Release;
		};
		2C56E8D42086350B00FD5136 /* Build configuration list for PBXNativeTarget "Inventory" */ = {
			isa = XCConfigurationList;
			buildConfigurations = (
				2C56E8D52086350B00FD5136 /* Debug */,
				2C56E8D62086350B00FD5136 /* Release */,
			);
			defaultConfigurationIsVisible = 0;
			defaultConfigurationName = Release;
		};
		2C56E8D72086350B00FD5136 /* Build configuration list for PBXNativeTarget "InventoryTests" */ = {
			isa = XCConfigurationList;
			buildConfigurations = (
				2C56E8D82086350B00FD5136 /* Debug */,
				2C56E8D92086350B00FD5136 /* Release */,
			);
			defaultConfigurationIsVisible = 0;
			defaultConfigurationName = Release;
		};
		2C56E8DA2086350B00FD5136 /* Build configuration list for PBXNativeTarget "InventoryUITests" */ = {
			isa = XCConfigurationList;
			buildConfigurations = (
				2C56E8DB2086350B00FD5136 /* Debug */,
				2C56E8DC2086350B00FD5136 /* Release */,
			);
			defaultConfigurationIsVisible = 0;
			defaultConfigurationName = Release;
		};
/* End XCConfigurationList section */

/* Begin XCVersionGroup section */
		2C56E8DD20866EAF00FD5136 /* Inventory.xcdatamodeld */ = {
			isa = XCVersionGroup;
			children = (
				2C56E8DE20866EAF00FD5136 /* Model.xcdatamodel */,
			);
			currentVersion = 2C56E8DE20866EAF00FD5136 /* Model.xcdatamodel */;
			path = Inventory.xcdatamodeld;
			sourceTree = "<group>";
			versionGroupType = wrapper.xcdatamodel;
		};
/* End XCVersionGroup section */
	};
	rootObject = 2C56E8A22086350A00FD5136 /* Project object */;
}
